// !$*UTF8*$!
{
	archiveVersion = 1;
	classes = {
	};
	objectVersion = 46;
	objects = {

/* Begin PBXBuildFile section */
		C5576B371ADBC195009C1D5E /* CameraHelper.m in Sources */ = {isa = PBXBuildFile; fileRef = C5576B201ADBC195009C1D5E /* CameraHelper.m */; };
		C5576B381ADBC195009C1D5E /* ColorHelper.m in Sources */ = {isa = PBXBuildFile; fileRef = C5576B221ADBC195009C1D5E /* ColorHelper.m */; };
		C5576B391ADBC195009C1D5E /* UIHelper.m in Sources */ = {isa = PBXBuildFile; fileRef = C5576B241ADBC195009C1D5E /* UIHelper.m */; };
		C5576B3A1ADBC195009C1D5E /* AvailabilityViewController.m in Sources */ = {isa = PBXBuildFile; fileRef = C5576B2A1ADBC195009C1D5E /* AvailabilityViewController.m */; };
		C5576B3B1ADBC195009C1D5E /* CameraViewController.m in Sources */ = {isa = PBXBuildFile; fileRef = C5576B2C1ADBC195009C1D5E /* CameraViewController.m */; };
		C5576B3C1ADBC195009C1D5E /* DefaultViewController.m in Sources */ = {isa = PBXBuildFile; fileRef = C5576B2E1ADBC195009C1D5E /* DefaultViewController.m */; };
		C5576B3D1ADBC195009C1D5E /* OverlayViewController.m in Sources */ = {isa = PBXBuildFile; fileRef = C5576B301ADBC195009C1D5E /* OverlayViewController.m */; };
		C5576B3E1ADBC195009C1D5E /* SuperViewController.m in Sources */ = {isa = PBXBuildFile; fileRef = C5576B321ADBC195009C1D5E /* SuperViewController.m */; };
		C5576B421ADBC1FC009C1D5E /* camera-icon.png in Resources */ = {isa = PBXBuildFile; fileRef = C5576B411ADBC1FC009C1D5E /* camera-icon.png */; };
		C5576B451ADBD79A009C1D5E /* Localizable.strings in Resources */ = {isa = PBXBuildFile; fileRef = C5576B471ADBD79A009C1D5E /* Localizable.strings */; };
		C5576B4B1ADBDA22009C1D5E /* StartViewController.m in Sources */ = {isa = PBXBuildFile; fileRef = C5576B4A1ADBDA22009C1D5E /* StartViewController.m */; };
		C5576B4E1ADBDB14009C1D5E /* NavigationController.m in Sources */ = {isa = PBXBuildFile; fileRef = C5576B4D1ADBDB14009C1D5E /* NavigationController.m */; };
		C5576B501ADBE0DB009C1D5E /* wz-monkey-bg.jpg in Resources */ = {isa = PBXBuildFile; fileRef = C5576B4F1ADBE0DB009C1D5E /* wz-monkey-bg.jpg */; };
		C5576B541ADBE2C1009C1D5E /* RegisterViewController.m in Sources */ = {isa = PBXBuildFile; fileRef = C5576B531ADBE2C1009C1D5E /* RegisterViewController.m */; };
		C5576B571ADBE31A009C1D5E /* SuperLoginViewController.m in Sources */ = {isa = PBXBuildFile; fileRef = C5576B561ADBE31A009C1D5E /* SuperLoginViewController.m */; };
		C5576B5A1ADBE77E009C1D5E /* Navigationbar.m in Sources */ = {isa = PBXBuildFile; fileRef = C5576B591ADBE77E009C1D5E /* Navigationbar.m */; };
		C55FE90A1AD81F45007663FB /* SuperButton.m in Sources */ = {isa = PBXBuildFile; fileRef = C55FE9091AD81F45007663FB /* SuperButton.m */; };
		C57AD0A71AD7EDB800B6042A /* main.m in Sources */ = {isa = PBXBuildFile; fileRef = C57AD0A61AD7EDB800B6042A /* main.m */; };
		C57AD0AA1AD7EDB800B6042A /* AppDelegate.m in Sources */ = {isa = PBXBuildFile; fileRef = C57AD0A91AD7EDB800B6042A /* AppDelegate.m */; };
		C57AD0B01AD7EDB800B6042A /* Main.storyboard in Resources */ = {isa = PBXBuildFile; fileRef = C57AD0AE1AD7EDB800B6042A /* Main.storyboard */; };
		C57AD0B21AD7EDB800B6042A /* Images.xcassets in Resources */ = {isa = PBXBuildFile; fileRef = C57AD0B11AD7EDB800B6042A /* Images.xcassets */; };
		C57AD0B51AD7EDB800B6042A /* LaunchScreen.xib in Resources */ = {isa = PBXBuildFile; fileRef = C57AD0B31AD7EDB800B6042A /* LaunchScreen.xib */; };
		C57AD0C11AD7EDB800B6042A /* waveTests.m in Sources */ = {isa = PBXBuildFile; fileRef = C57AD0C01AD7EDB800B6042A /* waveTests.m */; };
		C5896A771AE15F3700EFCE2D /* AbstractFeedViewController.m in Sources */ = {isa = PBXBuildFile; fileRef = C5896A761AE15F3700EFCE2D /* AbstractFeedViewController.m */; };
		C5896A7A1AE15F4200EFCE2D /* ActivityViewController.m in Sources */ = {isa = PBXBuildFile; fileRef = C5896A791AE15F4200EFCE2D /* ActivityViewController.m */; };
		C5A27B511ADC014E00968033 /* cross-white.png in Resources */ = {isa = PBXBuildFile; fileRef = C5A27B501ADC014E00968033 /* cross-white.png */; };
		C5A27B541ADC060000968033 /* TextFieldWrapper.m in Sources */ = {isa = PBXBuildFile; fileRef = C5A27B531ADC060000968033 /* TextFieldWrapper.m */; };
		C5A27B5A1ADD002A00968033 /* ApplicationController.m in Sources */ = {isa = PBXBuildFile; fileRef = C5A27B591ADD002A00968033 /* ApplicationController.m */; };
		C5A27B5F1ADD019900968033 /* SSKeychain.m in Sources */ = {isa = PBXBuildFile; fileRef = C5A27B5C1ADD019900968033 /* SSKeychain.m */; };
		C5A27B601ADD019900968033 /* SSKeychainQuery.m in Sources */ = {isa = PBXBuildFile; fileRef = C5A27B5E1ADD019900968033 /* SSKeychainQuery.m */; };
		C5A27B631ADD01AE00968033 /* AuthHelper.m in Sources */ = {isa = PBXBuildFile; fileRef = C5A27B621ADD01AE00968033 /* AuthHelper.m */; };
		C5A27B661ADD01C100968033 /* ParserHelper.m in Sources */ = {isa = PBXBuildFile; fileRef = C5A27B651ADD01C100968033 /* ParserHelper.m */; };
		C5A27B691ADD01D000968033 /* NotificationHelper.m in Sources */ = {isa = PBXBuildFile; fileRef = C5A27B681ADD01D000968033 /* NotificationHelper.m */; };
		C5A27B6C1ADD01F200968033 /* ApplicationHelper.m in Sources */ = {isa = PBXBuildFile; fileRef = C5A27B6B1ADD01F200968033 /* ApplicationHelper.m */; };
		C5A27B6F1ADD083300968033 /* ConfigHelper.m in Sources */ = {isa = PBXBuildFile; fileRef = C5A27B6E1ADD083300968033 /* ConfigHelper.m */; };
		C5A27B721ADD0BF500968033 /* RegisterController.m in Sources */ = {isa = PBXBuildFile; fileRef = C5A27B711ADD0BF500968033 /* RegisterController.m */; };
		C5A27B751ADD0F4500968033 /* ResponseModel.m in Sources */ = {isa = PBXBuildFile; fileRef = C5A27B741ADD0F4500968033 /* ResponseModel.m */; };
		C5A27B781ADD128100968033 /* UserModel.m in Sources */ = {isa = PBXBuildFile; fileRef = C5A27B771ADD128100968033 /* UserModel.m */; };
		C5A27B7B1ADD1DEB00968033 /* LoginViewController.m in Sources */ = {isa = PBXBuildFile; fileRef = C5A27B7A1ADD1DEB00968033 /* LoginViewController.m */; };
		C5A27B7E1ADD265400968033 /* LoginController.m in Sources */ = {isa = PBXBuildFile; fileRef = C5A27B7D1ADD265400968033 /* LoginController.m */; };
		C5A27B821ADD594600968033 /* SlideMenuViewController.m in Sources */ = {isa = PBXBuildFile; fileRef = C5A27B811ADD594600968033 /* SlideMenuViewController.m */; };
		C5A27B851ADD5AC700968033 /* DrawerViewController.m in Sources */ = {isa = PBXBuildFile; fileRef = C5A27B841ADD5AC700968033 /* DrawerViewController.m */; };
		C5A27B881ADD5ADF00968033 /* MainViewController.m in Sources */ = {isa = PBXBuildFile; fileRef = C5A27B871ADD5ADF00968033 /* MainViewController.m */; };
		C5A27B8B1ADD6DD500968033 /* NavigationControlViewController.m in Sources */ = {isa = PBXBuildFile; fileRef = C5A27B8A1ADD6DD500968033 /* NavigationControlViewController.m */; };
		C5A27B991ADE52CC00968033 /* test1.jpg in Resources */ = {isa = PBXBuildFile; fileRef = C5A27B961ADE52CC00968033 /* test1.jpg */; };
		C5A27B9A1ADE52CC00968033 /* test2.jpg in Resources */ = {isa = PBXBuildFile; fileRef = C5A27B971ADE52CC00968033 /* test2.jpg */; };
		C5A27B9B1ADE52CC00968033 /* miranda-kerr.jpg in Resources */ = {isa = PBXBuildFile; fileRef = C5A27B981ADE52CC00968033 /* miranda-kerr.jpg */; };
		C5A27BA11ADE626800968033 /* CarouselViewController.m in Sources */ = {isa = PBXBuildFile; fileRef = C5A27BA01ADE626800968033 /* CarouselViewController.m */; };
		C5A27BA51ADE779500968033 /* events-icon.png in Resources */ = {isa = PBXBuildFile; fileRef = C5A27BA21ADE779500968033 /* events-icon.png */; };
		C5A27BA61ADE779500968033 /* profile-icon.png in Resources */ = {isa = PBXBuildFile; fileRef = C5A27BA31ADE779500968033 /* profile-icon.png */; };
		C5A27BA71ADE779500968033 /* feed-icon.png in Resources */ = {isa = PBXBuildFile; fileRef = C5A27BA41ADE779500968033 /* feed-icon.png */; };
		C5A27BAA1ADE78BF00968033 /* SlideMenuNavigationViewController.m in Sources */ = {isa = PBXBuildFile; fileRef = C5A27BA91ADE78BF00968033 /* SlideMenuNavigationViewController.m */; };
		C5A27BAC1ADEB5F100968033 /* menu.png in Resources */ = {isa = PBXBuildFile; fileRef = C5A27BAB1ADEB5F100968033 /* menu.png */; };
		C5D473621AE50CA30097E44F /* MenuTableViewCell.m in Sources */ = {isa = PBXBuildFile; fileRef = C5D473611AE50CA30097E44F /* MenuTableViewCell.m */; };
		C5D473641AE511730097E44F /* search-icon.png in Resources */ = {isa = PBXBuildFile; fileRef = C5D473631AE511730097E44F /* search-icon.png */; };
		C5D473661AE56B540097E44F /* settings-icon.png in Resources */ = {isa = PBXBuildFile; fileRef = C5D473651AE56B540097E44F /* settings-icon.png */; };
		C5D4736C1AE63F610097E44F /* FilterViewController.m in Sources */ = {isa = PBXBuildFile; fileRef = C5D4736B1AE63F610097E44F /* FilterViewController.m */; };
		C5D4736E1AE640260097E44F /* bucket.png in Resources */ = {isa = PBXBuildFile; fileRef = C5D4736D1AE640260097E44F /* bucket.png */; };
		C5D473711AE66D820097E44F /* PartialTransparentView.m in Sources */ = {isa = PBXBuildFile; fileRef = C5D473701AE66D820097E44F /* PartialTransparentView.m */; };
		C5D473761AE699DE0097E44F /* the-bar.png in Resources */ = {isa = PBXBuildFile; fileRef = C5D473751AE699DE0097E44F /* the-bar.png */; };
		C5D473781AE69D500097E44F /* the-bar-x-v2.png in Resources */ = {isa = PBXBuildFile; fileRef = C5D473771AE69D500097E44F /* the-bar-x-v2.png */; };
		C5D4737A1AE6C29F0097E44F /* cross-simple.png in Resources */ = {isa = PBXBuildFile; fileRef = C5D473791AE6C29F0097E44F /* cross-simple.png */; };
		C5D4737E1AE6C6890097E44F /* slider-cross.png in Resources */ = {isa = PBXBuildFile; fileRef = C5D4737D1AE6C6890097E44F /* slider-cross.png */; };
		C5D473801AE795890097E44F /* bucket-white.png in Resources */ = {isa = PBXBuildFile; fileRef = C5D4737F1AE795890097E44F /* bucket-white.png */; };
		C5D473821AE7992E0097E44F /* people-icon.png in Resources */ = {isa = PBXBuildFile; fileRef = C5D473811AE7992E0097E44F /* people-icon.png */; };
		C5D473841AE799610097E44F /* people-icon-white.png in Resources */ = {isa = PBXBuildFile; fileRef = C5D473831AE799610097E44F /* people-icon-white.png */; };
		C5D473861AE79BC80097E44F /* the-bar-y-v2.png in Resources */ = {isa = PBXBuildFile; fileRef = C5D473851AE79BC80097E44F /* the-bar-y-v2.png */; };
		C5D473891AE79C590097E44F /* InfoViewController.m in Sources */ = {isa = PBXBuildFile; fileRef = C5D473881AE79C590097E44F /* InfoViewController.m */; };
		C5D4738D1AF2BA8D0097E44F /* wave-logo.png in Resources */ = {isa = PBXBuildFile; fileRef = C5D4738C1AF2BA8D0097E44F /* wave-logo.png */; };
		C5D4738F1AF371E10097E44F /* ripples.png in Resources */ = {isa = PBXBuildFile; fileRef = C5D4738E1AF371E10097E44F /* ripples.png */; };
		C5D473921AF3B5310097E44F /* PinnedViewController.m in Sources */ = {isa = PBXBuildFile; fileRef = C5D473911AF3B5310097E44F /* PinnedViewController.m */; };
		C5D473981AF920080097E44F /* ConstraintHelper.m in Sources */ = {isa = PBXBuildFile; fileRef = C5D473971AF920080097E44F /* ConstraintHelper.m */; };
		C5D4739B1AF935580097E44F /* DropModel.m in Sources */ = {isa = PBXBuildFile; fileRef = C5D4739A1AF935580097E44F /* DropModel.m */; };
		C5D4739E1AF93A660097E44F /* drop.png in Resources */ = {isa = PBXBuildFile; fileRef = C5D4739C1AF93A660097E44F /* drop.png */; };
		C5D4739F1AF93A660097E44F /* eye.png in Resources */ = {isa = PBXBuildFile; fileRef = C5D4739D1AF93A660097E44F /* eye.png */; };
		C5D473A51AFA0E0E0097E44F /* ChatTableView.m in Sources */ = {isa = PBXBuildFile; fileRef = C5D473A41AFA0E0D0097E44F /* ChatTableView.m */; };
		C5D473A81AFA4A800097E44F /* BucketController.m in Sources */ = {isa = PBXBuildFile; fileRef = C5D473A71AFA4A800097E44F /* BucketController.m */; };
		C5D473AB1AFA4BEB0097E44F /* BucketModel.m in Sources */ = {isa = PBXBuildFile; fileRef = C5D473AA1AFA4BEB0097E44F /* BucketModel.m */; };
		C5D473AE1AFA5BB30097E44F /* MediaController.m in Sources */ = {isa = PBXBuildFile; fileRef = C5D473AD1AFA5BB30097E44F /* MediaController.m */; };
		C5D473B01AFB67D80097E44F /* tick.png in Resources */ = {isa = PBXBuildFile; fileRef = C5D473AF1AFB67D80097E44F /* tick.png */; };
		C5D473B21AFBB7600097E44F /* triangle.png in Resources */ = {isa = PBXBuildFile; fileRef = C5D473B11AFBB7600097E44F /* triangle.png */; };
		C5D473B51AFCCE790097E44F /* GraphicsHelper.m in Sources */ = {isa = PBXBuildFile; fileRef = C5D473B41AFCCE790097E44F /* GraphicsHelper.m */; };
		C5D473BB1AFD05BB0097E44F /* MediaPlayerViewController.m in Sources */ = {isa = PBXBuildFile; fileRef = C5D473BA1AFD05BB0097E44F /* MediaPlayerViewController.m */; };
		C5D473BF1AFD0BB70097E44F /* CircleIndicatorView.m in Sources */ = {isa = PBXBuildFile; fileRef = C5D473BE1AFD0BB70097E44F /* CircleIndicatorView.m */; };
		C5D473C21B010A440097E44F /* DataHelper.m in Sources */ = {isa = PBXBuildFile; fileRef = C5D473C11B010A440097E44F /* DataHelper.m */; };
		C5D473C41B0120F90097E44F /* refresh.png in Resources */ = {isa = PBXBuildFile; fileRef = C5D473C31B0120F90097E44F /* refresh.png */; };
		C5FF1E501B04D7D00081BEDD /* reply-icon.png in Resources */ = {isa = PBXBuildFile; fileRef = C5FF1E4F1B04D7D00081BEDD /* reply-icon.png */; };
		C5FF1E521B04EECB0081BEDD /* arrow-down-icon.png in Resources */ = {isa = PBXBuildFile; fileRef = C5FF1E511B04EECB0081BEDD /* arrow-down-icon.png */; };
		C5FF1E551B04F1510081BEDD /* InfoView.m in Sources */ = {isa = PBXBuildFile; fileRef = C5FF1E541B04F1510081BEDD /* InfoView.m */; };
		C5FF1E571B05D37F0081BEDD /* arrow-up-icon.png in Resources */ = {isa = PBXBuildFile; fileRef = C5FF1E561B05D37F0081BEDD /* arrow-up-icon.png */; };
		C5FF1E591B05EB870081BEDD /* search-icon-white.png in Resources */ = {isa = PBXBuildFile; fileRef = C5FF1E581B05EB870081BEDD /* search-icon-white.png */; };
		C5FF1E5C1B06223B0081BEDD /* SuperModel.m in Sources */ = {isa = PBXBuildFile; fileRef = C5FF1E5B1B06223B0081BEDD /* SuperModel.m */; };
		F1BD621C1AE460D400BDE1CA /* Carousel.m in Sources */ = {isa = PBXBuildFile; fileRef = F1BD621B1AE460D400BDE1CA /* Carousel.m */; };
		F1BD621F1AE46EFC00BDE1CA /* ActivityTableViewCell.m in Sources */ = {isa = PBXBuildFile; fileRef = F1BD621E1AE46EFC00BDE1CA /* ActivityTableViewCell.m */; };
		F1BD62211AEBB46F00BDE1CA /* 169.jpg in Resources */ = {isa = PBXBuildFile; fileRef = F1BD62201AEBB46F00BDE1CA /* 169.jpg */; };
		F1BD62231AEC7FA300BDE1CA /* cross.png in Resources */ = {isa = PBXBuildFile; fileRef = F1BD62221AEC7FA300BDE1CA /* cross.png */; };
		F1BD62261AEC871F00BDE1CA /* BucketTypeModel.m in Sources */ = {isa = PBXBuildFile; fileRef = F1BD62251AEC871F00BDE1CA /* BucketTypeModel.m */; };
		F1BD622A1AED9EDB00BDE1CA /* BucketViewController.m in Sources */ = {isa = PBXBuildFile; fileRef = F1BD62291AED9EDB00BDE1CA /* BucketViewController.m */; };
		F1BD622D1AEDBC8C00BDE1CA /* PeekViewController.m in Sources */ = {isa = PBXBuildFile; fileRef = F1BD622C1AEDBC8C00BDE1CA /* PeekViewController.m */; };
		F1BD62301AF057D100BDE1CA /* ChatViewController.m in Sources */ = {isa = PBXBuildFile; fileRef = F1BD622F1AF057D100BDE1CA /* ChatViewController.m */; };
		F1BD62331AF0588000BDE1CA /* ChatTableViewCell.m in Sources */ = {isa = PBXBuildFile; fileRef = F1BD62321AF0588000BDE1CA /* ChatTableViewCell.m */; };
		F1BD62361AF05C0C00BDE1CA /* ChatMessageLabel.m in Sources */ = {isa = PBXBuildFile; fileRef = F1BD62351AF05C0C00BDE1CA /* ChatMessageLabel.m */; };
		F1D9AB481AF5A048005BFE2C /* EditImageViewController.m in Sources */ = {isa = PBXBuildFile; fileRef = F1D9AB471AF5A048005BFE2C /* EditImageViewController.m */; };
		F1D9AB4A1AF5A3E3005BFE2C /* RGB-colors.png in Resources */ = {isa = PBXBuildFile; fileRef = F1D9AB491AF5A3E3005BFE2C /* RGB-colors.png */; };
		F1DBB5431B0D38030097F709 /* MediaModel.m in Sources */ = {isa = PBXBuildFile; fileRef = F1DBB5421B0D38030097F709 /* MediaModel.m */; };
		F1DBB5491B0E3E130097F709 /* FeedModel.m in Sources */ = {isa = PBXBuildFile; fileRef = F1DBB5481B0E3E130097F709 /* FeedModel.m */; };
		F1DBB54B1B0E4A080097F709 /* manatee.png in Resources */ = {isa = PBXBuildFile; fileRef = F1DBB54A1B0E4A080097F709 /* manatee.png */; };
		F1DBB54F1B0FCC0C0097F709 /* ProfileViewController.m in Sources */ = {isa = PBXBuildFile; fileRef = F1DBB54E1B0FCC0C0097F709 /* ProfileViewController.m */; };
		F1DBB55F1B0FD46F0097F709 /* ServerTableViewController.m in Sources */ = {isa = PBXBuildFile; fileRef = F1DBB5521B0FD46F0097F709 /* ServerTableViewController.m */; };
		F1DBB5601B0FD46F0097F709 /* SettingsTableViewCell.m in Sources */ = {isa = PBXBuildFile; fileRef = F1DBB5541B0FD46F0097F709 /* SettingsTableViewCell.m */; };
		F1DBB5611B0FD46F0097F709 /* SettingsTableViewController.m in Sources */ = {isa = PBXBuildFile; fileRef = F1DBB5561B0FD46F0097F709 /* SettingsTableViewController.m */; };
		F1DBB5621B0FD46F0097F709 /* SuperSettingsTableViewController.m in Sources */ = {isa = PBXBuildFile; fileRef = F1DBB5581B0FD46F0097F709 /* SuperSettingsTableViewController.m */; };
		F1DBB5631B0FD46F0097F709 /* ChangePasswordTableViewController.m in Sources */ = {isa = PBXBuildFile; fileRef = F1DBB55A1B0FD46F0097F709 /* ChangePasswordTableViewController.m */; };
		F1DBB5641B0FD46F0097F709 /* EditProfileTableViewController.m in Sources */ = {isa = PBXBuildFile; fileRef = F1DBB55C1B0FD46F0097F709 /* EditProfileTableViewController.m */; };
		F1DBB5651B0FD46F0097F709 /* ProfilePictureViewController.m in Sources */ = {isa = PBXBuildFile; fileRef = F1DBB55E1B0FD46F0097F709 /* ProfilePictureViewController.m */; };
		F1DBB5691B0FED430097F709 /* NavigationViewController.m in Sources */ = {isa = PBXBuildFile; fileRef = F1DBB5671B0FED430097F709 /* NavigationViewController.m */; };
		F1DBB56C1B12ABBF0097F709 /* PeekViewModule.m in Sources */ = {isa = PBXBuildFile; fileRef = F1DBB56B1B12ABBF0097F709 /* PeekViewModule.m */; };
		F1DBB56E1B12B6930097F709 /* dots-icon.png in Resources */ = {isa = PBXBuildFile; fileRef = F1DBB56D1B12B6930097F709 /* dots-icon.png */; };
		F1DBB5701B12BAC50097F709 /* settings-icon-white.png in Resources */ = {isa = PBXBuildFile; fileRef = F1DBB56F1B12BAC50097F709 /* settings-icon-white.png */; };
		F1DBB5721B12C0C10097F709 /* manatee-white.png in Resources */ = {isa = PBXBuildFile; fileRef = F1DBB5711B12C0C10097F709 /* manatee-white.png */; };
		F1DBB57B1B14E38D0097F709 /* TestBoxViewController.m in Sources */ = {isa = PBXBuildFile; fileRef = F1DBB57A1B14E38D0097F709 /* TestBoxViewController.m */; };
		F1DBB57E1B14E3D70097F709 /* ImageEditorView.m in Sources */ = {isa = PBXBuildFile; fileRef = F1DBB57D1B14E3D70097F709 /* ImageEditorView.m */; };
		F1DBB5841B1501340097F709 /* CaptionTextField.m in Sources */ = {isa = PBXBuildFile; fileRef = F1DBB5831B1501340097F709 /* CaptionTextField.m */; };
		F1DBB5861B1542880097F709 /* plus-simple.png in Resources */ = {isa = PBXBuildFile; fileRef = F1DBB5851B1542880097F709 /* plus-simple.png */; };
		F1E127AA1AFED2E7000E3F2C /* DropView.m in Sources */ = {isa = PBXBuildFile; fileRef = F1E127A91AFED2E7000E3F2C /* DropView.m */; };
		F1E127AD1AFEDB5D000E3F2C /* DropController.m in Sources */ = {isa = PBXBuildFile; fileRef = F1E127AC1AFEDB5D000E3F2C /* DropController.m */; };
		F1E127B01AFEE09F000E3F2C /* TagController.m in Sources */ = {isa = PBXBuildFile; fileRef = F1E127AF1AFEE09F000E3F2C /* TagController.m */; };
		F1E127B31AFEE1BA000E3F2C /* SubscribeController.m in Sources */ = {isa = PBXBuildFile; fileRef = F1E127B21AFEE1BA000E3F2C /* SubscribeController.m */; };
		F1E127B51AFFCB1E000E3F2C /* download-icon.png in Resources */ = {isa = PBXBuildFile; fileRef = F1E127B41AFFCB1E000E3F2C /* download-icon.png */; };
		F1E127B81AFFD191000E3F2C /* ProgressView.m in Sources */ = {isa = PBXBuildFile; fileRef = F1E127B71AFFD191000E3F2C /* ProgressView.m */; };
		F1E127BA1B00141E000E3F2C /* play.png in Resources */ = {isa = PBXBuildFile; fileRef = F1E127B91B00141E000E3F2C /* play.png */; };
		F1E127BD1B0018FB000E3F2C /* BucketView.m in Sources */ = {isa = PBXBuildFile; fileRef = F1E127BC1B0018FB000E3F2C /* BucketView.m */; };
		F1E127BF1B0023C0000E3F2C /* media-pause.png in Resources */ = {isa = PBXBuildFile; fileRef = F1E127BE1B0023C0000E3F2C /* media-pause.png */; };
/* End PBXBuildFile section */

/* Begin PBXContainerItemProxy section */
		C57AD0BB1AD7EDB800B6042A /* PBXContainerItemProxy */ = {
			isa = PBXContainerItemProxy;
			containerPortal = C57AD0991AD7EDB800B6042A /* Project object */;
			proxyType = 1;
			remoteGlobalIDString = C57AD0A01AD7EDB800B6042A;
			remoteInfo = wave;
		};
/* End PBXContainerItemProxy section */

/* Begin PBXFileReference section */
		C5576B1F1ADBC195009C1D5E /* CameraHelper.h */ = {isa = PBXFileReference; fileEncoding = 4; lastKnownFileType = sourcecode.c.h; path = CameraHelper.h; sourceTree = "<group>"; };
		C5576B201ADBC195009C1D5E /* CameraHelper.m */ = {isa = PBXFileReference; fileEncoding = 4; lastKnownFileType = sourcecode.c.objc; path = CameraHelper.m; sourceTree = "<group>"; };
		C5576B211ADBC195009C1D5E /* ColorHelper.h */ = {isa = PBXFileReference; fileEncoding = 4; lastKnownFileType = sourcecode.c.h; path = ColorHelper.h; sourceTree = "<group>"; };
		C5576B221ADBC195009C1D5E /* ColorHelper.m */ = {isa = PBXFileReference; fileEncoding = 4; lastKnownFileType = sourcecode.c.objc; path = ColorHelper.m; sourceTree = "<group>"; };
		C5576B231ADBC195009C1D5E /* UIHelper.h */ = {isa = PBXFileReference; fileEncoding = 4; lastKnownFileType = sourcecode.c.h; path = UIHelper.h; sourceTree = "<group>"; };
		C5576B241ADBC195009C1D5E /* UIHelper.m */ = {isa = PBXFileReference; fileEncoding = 4; lastKnownFileType = sourcecode.c.objc; path = UIHelper.m; sourceTree = "<group>"; };
		C5576B291ADBC195009C1D5E /* AvailabilityViewController.h */ = {isa = PBXFileReference; fileEncoding = 4; lastKnownFileType = sourcecode.c.h; path = AvailabilityViewController.h; sourceTree = "<group>"; };
		C5576B2A1ADBC195009C1D5E /* AvailabilityViewController.m */ = {isa = PBXFileReference; fileEncoding = 4; lastKnownFileType = sourcecode.c.objc; path = AvailabilityViewController.m; sourceTree = "<group>"; };
		C5576B2B1ADBC195009C1D5E /* CameraViewController.h */ = {isa = PBXFileReference; fileEncoding = 4; lastKnownFileType = sourcecode.c.h; path = CameraViewController.h; sourceTree = "<group>"; };
		C5576B2C1ADBC195009C1D5E /* CameraViewController.m */ = {isa = PBXFileReference; fileEncoding = 4; lastKnownFileType = sourcecode.c.objc; path = CameraViewController.m; sourceTree = "<group>"; };
		C5576B2D1ADBC195009C1D5E /* DefaultViewController.h */ = {isa = PBXFileReference; fileEncoding = 4; lastKnownFileType = sourcecode.c.h; path = DefaultViewController.h; sourceTree = "<group>"; };
		C5576B2E1ADBC195009C1D5E /* DefaultViewController.m */ = {isa = PBXFileReference; fileEncoding = 4; lastKnownFileType = sourcecode.c.objc; path = DefaultViewController.m; sourceTree = "<group>"; };
		C5576B2F1ADBC195009C1D5E /* OverlayViewController.h */ = {isa = PBXFileReference; fileEncoding = 4; lastKnownFileType = sourcecode.c.h; path = OverlayViewController.h; sourceTree = "<group>"; };
		C5576B301ADBC195009C1D5E /* OverlayViewController.m */ = {isa = PBXFileReference; fileEncoding = 4; lastKnownFileType = sourcecode.c.objc; path = OverlayViewController.m; sourceTree = "<group>"; };
		C5576B311ADBC195009C1D5E /* SuperViewController.h */ = {isa = PBXFileReference; fileEncoding = 4; lastKnownFileType = sourcecode.c.h; path = SuperViewController.h; sourceTree = "<group>"; };
		C5576B321ADBC195009C1D5E /* SuperViewController.m */ = {isa = PBXFileReference; fileEncoding = 4; lastKnownFileType = sourcecode.c.objc; path = SuperViewController.m; sourceTree = "<group>"; };
		C5576B411ADBC1FC009C1D5E /* camera-icon.png */ = {isa = PBXFileReference; lastKnownFileType = image.png; path = "camera-icon.png"; sourceTree = "<group>"; };
		C5576B461ADBD79A009C1D5E /* Base */ = {isa = PBXFileReference; lastKnownFileType = text.plist.strings; name = Base; path = Base.lproj/Localizable.strings; sourceTree = "<group>"; };
		C5576B481ADBD7D3009C1D5E /* nb */ = {isa = PBXFileReference; lastKnownFileType = text.plist.strings; name = nb; path = nb.lproj/Localizable.strings; sourceTree = "<group>"; };
		C5576B491ADBDA22009C1D5E /* StartViewController.h */ = {isa = PBXFileReference; fileEncoding = 4; lastKnownFileType = sourcecode.c.h; path = StartViewController.h; sourceTree = "<group>"; };
		C5576B4A1ADBDA22009C1D5E /* StartViewController.m */ = {isa = PBXFileReference; fileEncoding = 4; lastKnownFileType = sourcecode.c.objc; path = StartViewController.m; sourceTree = "<group>"; };
		C5576B4C1ADBDB14009C1D5E /* NavigationController.h */ = {isa = PBXFileReference; fileEncoding = 4; lastKnownFileType = sourcecode.c.h; path = NavigationController.h; sourceTree = "<group>"; };
		C5576B4D1ADBDB14009C1D5E /* NavigationController.m */ = {isa = PBXFileReference; fileEncoding = 4; lastKnownFileType = sourcecode.c.objc; path = NavigationController.m; sourceTree = "<group>"; };
		C5576B4F1ADBE0DB009C1D5E /* wz-monkey-bg.jpg */ = {isa = PBXFileReference; lastKnownFileType = image.jpeg; path = "wz-monkey-bg.jpg"; sourceTree = "<group>"; };
		C5576B521ADBE2C1009C1D5E /* RegisterViewController.h */ = {isa = PBXFileReference; fileEncoding = 4; lastKnownFileType = sourcecode.c.h; path = RegisterViewController.h; sourceTree = "<group>"; };
		C5576B531ADBE2C1009C1D5E /* RegisterViewController.m */ = {isa = PBXFileReference; fileEncoding = 4; lastKnownFileType = sourcecode.c.objc; path = RegisterViewController.m; sourceTree = "<group>"; };
		C5576B551ADBE31A009C1D5E /* SuperLoginViewController.h */ = {isa = PBXFileReference; fileEncoding = 4; lastKnownFileType = sourcecode.c.h; path = SuperLoginViewController.h; sourceTree = "<group>"; };
		C5576B561ADBE31A009C1D5E /* SuperLoginViewController.m */ = {isa = PBXFileReference; fileEncoding = 4; lastKnownFileType = sourcecode.c.objc; path = SuperLoginViewController.m; sourceTree = "<group>"; };
		C5576B581ADBE77E009C1D5E /* Navigationbar.h */ = {isa = PBXFileReference; fileEncoding = 4; lastKnownFileType = sourcecode.c.h; name = Navigationbar.h; path = views/Navigationbar.h; sourceTree = "<group>"; };
		C5576B591ADBE77E009C1D5E /* Navigationbar.m */ = {isa = PBXFileReference; fileEncoding = 4; lastKnownFileType = sourcecode.c.objc; name = Navigationbar.m; path = views/Navigationbar.m; sourceTree = "<group>"; };
		C55FE9081AD81F45007663FB /* SuperButton.h */ = {isa = PBXFileReference; fileEncoding = 4; lastKnownFileType = sourcecode.c.h; name = SuperButton.h; path = ../../SuperButton.h; sourceTree = "<group>"; };
		C55FE9091AD81F45007663FB /* SuperButton.m */ = {isa = PBXFileReference; fileEncoding = 4; lastKnownFileType = sourcecode.c.objc; name = SuperButton.m; path = ../../SuperButton.m; sourceTree = "<group>"; };
		C57AD0A11AD7EDB800B6042A /* wave.app */ = {isa = PBXFileReference; explicitFileType = wrapper.application; includeInIndex = 0; path = wave.app; sourceTree = BUILT_PRODUCTS_DIR; };
		C57AD0A51AD7EDB800B6042A /* Info.plist */ = {isa = PBXFileReference; lastKnownFileType = text.plist.xml; path = Info.plist; sourceTree = "<group>"; };
		C57AD0A61AD7EDB800B6042A /* main.m */ = {isa = PBXFileReference; lastKnownFileType = sourcecode.c.objc; path = main.m; sourceTree = "<group>"; };
		C57AD0A81AD7EDB800B6042A /* AppDelegate.h */ = {isa = PBXFileReference; lastKnownFileType = sourcecode.c.h; path = AppDelegate.h; sourceTree = "<group>"; };
		C57AD0A91AD7EDB800B6042A /* AppDelegate.m */ = {isa = PBXFileReference; lastKnownFileType = sourcecode.c.objc; path = AppDelegate.m; sourceTree = "<group>"; };
		C57AD0AF1AD7EDB800B6042A /* Base */ = {isa = PBXFileReference; lastKnownFileType = file.storyboard; name = Base; path = Base.lproj/Main.storyboard; sourceTree = "<group>"; };
		C57AD0B11AD7EDB800B6042A /* Images.xcassets */ = {isa = PBXFileReference; lastKnownFileType = folder.assetcatalog; path = Images.xcassets; sourceTree = "<group>"; };
		C57AD0B41AD7EDB800B6042A /* Base */ = {isa = PBXFileReference; lastKnownFileType = file.xib; name = Base; path = Base.lproj/LaunchScreen.xib; sourceTree = "<group>"; };
		C57AD0BA1AD7EDB800B6042A /* waveTests.xctest */ = {isa = PBXFileReference; explicitFileType = wrapper.cfbundle; includeInIndex = 0; path = waveTests.xctest; sourceTree = BUILT_PRODUCTS_DIR; };
		C57AD0BF1AD7EDB800B6042A /* Info.plist */ = {isa = PBXFileReference; lastKnownFileType = text.plist.xml; path = Info.plist; sourceTree = "<group>"; };
		C57AD0C01AD7EDB800B6042A /* waveTests.m */ = {isa = PBXFileReference; lastKnownFileType = sourcecode.c.objc; path = waveTests.m; sourceTree = "<group>"; };
		C5896A6B1AE1342E00EFCE2D /* FeedInterface.h */ = {isa = PBXFileReference; fileEncoding = 4; lastKnownFileType = sourcecode.c.h; path = FeedInterface.h; sourceTree = "<group>"; };
		C5896A751AE15F3700EFCE2D /* AbstractFeedViewController.h */ = {isa = PBXFileReference; fileEncoding = 4; lastKnownFileType = sourcecode.c.h; path = AbstractFeedViewController.h; sourceTree = "<group>"; };
		C5896A761AE15F3700EFCE2D /* AbstractFeedViewController.m */ = {isa = PBXFileReference; fileEncoding = 4; lastKnownFileType = sourcecode.c.objc; path = AbstractFeedViewController.m; sourceTree = "<group>"; };
		C5896A781AE15F4200EFCE2D /* ActivityViewController.h */ = {isa = PBXFileReference; fileEncoding = 4; lastKnownFileType = sourcecode.c.h; path = ActivityViewController.h; sourceTree = "<group>"; };
		C5896A791AE15F4200EFCE2D /* ActivityViewController.m */ = {isa = PBXFileReference; fileEncoding = 4; lastKnownFileType = sourcecode.c.objc; path = ActivityViewController.m; sourceTree = "<group>"; };
		C5A27B501ADC014E00968033 /* cross-white.png */ = {isa = PBXFileReference; lastKnownFileType = image.png; path = "cross-white.png"; sourceTree = "<group>"; };
		C5A27B521ADC060000968033 /* TextFieldWrapper.h */ = {isa = PBXFileReference; fileEncoding = 4; lastKnownFileType = sourcecode.c.h; path = TextFieldWrapper.h; sourceTree = "<group>"; };
		C5A27B531ADC060000968033 /* TextFieldWrapper.m */ = {isa = PBXFileReference; fileEncoding = 4; lastKnownFileType = sourcecode.c.objc; path = TextFieldWrapper.m; sourceTree = "<group>"; };
		C5A27B581ADD002A00968033 /* ApplicationController.h */ = {isa = PBXFileReference; fileEncoding = 4; lastKnownFileType = sourcecode.c.h; path = ApplicationController.h; sourceTree = "<group>"; };
		C5A27B591ADD002A00968033 /* ApplicationController.m */ = {isa = PBXFileReference; fileEncoding = 4; lastKnownFileType = sourcecode.c.objc; path = ApplicationController.m; sourceTree = "<group>"; };
		C5A27B5B1ADD019900968033 /* SSKeychain.h */ = {isa = PBXFileReference; fileEncoding = 4; lastKnownFileType = sourcecode.c.h; path = SSKeychain.h; sourceTree = "<group>"; };
		C5A27B5C1ADD019900968033 /* SSKeychain.m */ = {isa = PBXFileReference; fileEncoding = 4; lastKnownFileType = sourcecode.c.objc; path = SSKeychain.m; sourceTree = "<group>"; };
		C5A27B5D1ADD019900968033 /* SSKeychainQuery.h */ = {isa = PBXFileReference; fileEncoding = 4; lastKnownFileType = sourcecode.c.h; path = SSKeychainQuery.h; sourceTree = "<group>"; };
		C5A27B5E1ADD019900968033 /* SSKeychainQuery.m */ = {isa = PBXFileReference; fileEncoding = 4; lastKnownFileType = sourcecode.c.objc; path = SSKeychainQuery.m; sourceTree = "<group>"; };
		C5A27B611ADD01AE00968033 /* AuthHelper.h */ = {isa = PBXFileReference; fileEncoding = 4; lastKnownFileType = sourcecode.c.h; path = AuthHelper.h; sourceTree = "<group>"; };
		C5A27B621ADD01AE00968033 /* AuthHelper.m */ = {isa = PBXFileReference; fileEncoding = 4; lastKnownFileType = sourcecode.c.objc; path = AuthHelper.m; sourceTree = "<group>"; };
		C5A27B641ADD01C100968033 /* ParserHelper.h */ = {isa = PBXFileReference; fileEncoding = 4; lastKnownFileType = sourcecode.c.h; path = ParserHelper.h; sourceTree = "<group>"; };
		C5A27B651ADD01C100968033 /* ParserHelper.m */ = {isa = PBXFileReference; fileEncoding = 4; lastKnownFileType = sourcecode.c.objc; path = ParserHelper.m; sourceTree = "<group>"; };
		C5A27B671ADD01D000968033 /* NotificationHelper.h */ = {isa = PBXFileReference; fileEncoding = 4; lastKnownFileType = sourcecode.c.h; path = NotificationHelper.h; sourceTree = "<group>"; };
		C5A27B681ADD01D000968033 /* NotificationHelper.m */ = {isa = PBXFileReference; fileEncoding = 4; lastKnownFileType = sourcecode.c.objc; path = NotificationHelper.m; sourceTree = "<group>"; };
		C5A27B6A1ADD01F200968033 /* ApplicationHelper.h */ = {isa = PBXFileReference; fileEncoding = 4; lastKnownFileType = sourcecode.c.h; path = ApplicationHelper.h; sourceTree = "<group>"; };
		C5A27B6B1ADD01F200968033 /* ApplicationHelper.m */ = {isa = PBXFileReference; fileEncoding = 4; lastKnownFileType = sourcecode.c.objc; path = ApplicationHelper.m; sourceTree = "<group>"; };
		C5A27B6D1ADD083300968033 /* ConfigHelper.h */ = {isa = PBXFileReference; fileEncoding = 4; lastKnownFileType = sourcecode.c.h; path = ConfigHelper.h; sourceTree = "<group>"; };
		C5A27B6E1ADD083300968033 /* ConfigHelper.m */ = {isa = PBXFileReference; fileEncoding = 4; lastKnownFileType = sourcecode.c.objc; path = ConfigHelper.m; sourceTree = "<group>"; };
		C5A27B701ADD0BF500968033 /* RegisterController.h */ = {isa = PBXFileReference; fileEncoding = 4; lastKnownFileType = sourcecode.c.h; path = RegisterController.h; sourceTree = "<group>"; };
		C5A27B711ADD0BF500968033 /* RegisterController.m */ = {isa = PBXFileReference; fileEncoding = 4; lastKnownFileType = sourcecode.c.objc; path = RegisterController.m; sourceTree = "<group>"; };
		C5A27B731ADD0F4500968033 /* ResponseModel.h */ = {isa = PBXFileReference; fileEncoding = 4; lastKnownFileType = sourcecode.c.h; path = ResponseModel.h; sourceTree = "<group>"; };
		C5A27B741ADD0F4500968033 /* ResponseModel.m */ = {isa = PBXFileReference; fileEncoding = 4; lastKnownFileType = sourcecode.c.objc; path = ResponseModel.m; sourceTree = "<group>"; };
		C5A27B761ADD128100968033 /* UserModel.h */ = {isa = PBXFileReference; fileEncoding = 4; lastKnownFileType = sourcecode.c.h; path = UserModel.h; sourceTree = "<group>"; };
		C5A27B771ADD128100968033 /* UserModel.m */ = {isa = PBXFileReference; fileEncoding = 4; lastKnownFileType = sourcecode.c.objc; path = UserModel.m; sourceTree = "<group>"; };
		C5A27B791ADD1DEB00968033 /* LoginViewController.h */ = {isa = PBXFileReference; fileEncoding = 4; lastKnownFileType = sourcecode.c.h; path = LoginViewController.h; sourceTree = "<group>"; };
		C5A27B7A1ADD1DEB00968033 /* LoginViewController.m */ = {isa = PBXFileReference; fileEncoding = 4; lastKnownFileType = sourcecode.c.objc; path = LoginViewController.m; sourceTree = "<group>"; };
		C5A27B7C1ADD265400968033 /* LoginController.h */ = {isa = PBXFileReference; fileEncoding = 4; lastKnownFileType = sourcecode.c.h; path = LoginController.h; sourceTree = "<group>"; };
		C5A27B7D1ADD265400968033 /* LoginController.m */ = {isa = PBXFileReference; fileEncoding = 4; lastKnownFileType = sourcecode.c.objc; path = LoginController.m; sourceTree = "<group>"; };
		C5A27B801ADD594600968033 /* SlideMenuViewController.h */ = {isa = PBXFileReference; fileEncoding = 4; lastKnownFileType = sourcecode.c.h; path = SlideMenuViewController.h; sourceTree = "<group>"; };
		C5A27B811ADD594600968033 /* SlideMenuViewController.m */ = {isa = PBXFileReference; fileEncoding = 4; lastKnownFileType = sourcecode.c.objc; path = SlideMenuViewController.m; sourceTree = "<group>"; };
		C5A27B831ADD5AC700968033 /* DrawerViewController.h */ = {isa = PBXFileReference; fileEncoding = 4; lastKnownFileType = sourcecode.c.h; path = DrawerViewController.h; sourceTree = "<group>"; };
		C5A27B841ADD5AC700968033 /* DrawerViewController.m */ = {isa = PBXFileReference; fileEncoding = 4; lastKnownFileType = sourcecode.c.objc; path = DrawerViewController.m; sourceTree = "<group>"; };
		C5A27B861ADD5ADF00968033 /* MainViewController.h */ = {isa = PBXFileReference; fileEncoding = 4; lastKnownFileType = sourcecode.c.h; path = MainViewController.h; sourceTree = "<group>"; };
		C5A27B871ADD5ADF00968033 /* MainViewController.m */ = {isa = PBXFileReference; fileEncoding = 4; lastKnownFileType = sourcecode.c.objc; path = MainViewController.m; sourceTree = "<group>"; };
		C5A27B891ADD6DD500968033 /* NavigationControlViewController.h */ = {isa = PBXFileReference; fileEncoding = 4; lastKnownFileType = sourcecode.c.h; name = NavigationControlViewController.h; path = ../NavigationControlViewController.h; sourceTree = "<group>"; };
		C5A27B8A1ADD6DD500968033 /* NavigationControlViewController.m */ = {isa = PBXFileReference; fileEncoding = 4; lastKnownFileType = sourcecode.c.objc; name = NavigationControlViewController.m; path = ../NavigationControlViewController.m; sourceTree = "<group>"; };
		C5A27B961ADE52CC00968033 /* test1.jpg */ = {isa = PBXFileReference; lastKnownFileType = image.jpeg; path = test1.jpg; sourceTree = "<group>"; };
		C5A27B971ADE52CC00968033 /* test2.jpg */ = {isa = PBXFileReference; lastKnownFileType = image.jpeg; path = test2.jpg; sourceTree = "<group>"; };
		C5A27B981ADE52CC00968033 /* miranda-kerr.jpg */ = {isa = PBXFileReference; lastKnownFileType = image.jpeg; path = "miranda-kerr.jpg"; sourceTree = "<group>"; };
		C5A27B9F1ADE626800968033 /* CarouselViewController.h */ = {isa = PBXFileReference; fileEncoding = 4; lastKnownFileType = sourcecode.c.h; name = CarouselViewController.h; path = ../CarouselViewController.h; sourceTree = "<group>"; };
		C5A27BA01ADE626800968033 /* CarouselViewController.m */ = {isa = PBXFileReference; fileEncoding = 4; lastKnownFileType = sourcecode.c.objc; name = CarouselViewController.m; path = ../CarouselViewController.m; sourceTree = "<group>"; };
		C5A27BA21ADE779500968033 /* events-icon.png */ = {isa = PBXFileReference; lastKnownFileType = image.png; path = "events-icon.png"; sourceTree = "<group>"; };
		C5A27BA31ADE779500968033 /* profile-icon.png */ = {isa = PBXFileReference; lastKnownFileType = image.png; path = "profile-icon.png"; sourceTree = "<group>"; };
		C5A27BA41ADE779500968033 /* feed-icon.png */ = {isa = PBXFileReference; lastKnownFileType = image.png; path = "feed-icon.png"; sourceTree = "<group>"; };
		C5A27BA81ADE78BF00968033 /* SlideMenuNavigationViewController.h */ = {isa = PBXFileReference; fileEncoding = 4; lastKnownFileType = sourcecode.c.h; path = SlideMenuNavigationViewController.h; sourceTree = "<group>"; };
		C5A27BA91ADE78BF00968033 /* SlideMenuNavigationViewController.m */ = {isa = PBXFileReference; fileEncoding = 4; lastKnownFileType = sourcecode.c.objc; path = SlideMenuNavigationViewController.m; sourceTree = "<group>"; };
		C5A27BAB1ADEB5F100968033 /* menu.png */ = {isa = PBXFileReference; lastKnownFileType = image.png; path = menu.png; sourceTree = "<group>"; };
		C5D473601AE50CA30097E44F /* MenuTableViewCell.h */ = {isa = PBXFileReference; fileEncoding = 4; lastKnownFileType = sourcecode.c.h; path = MenuTableViewCell.h; sourceTree = "<group>"; };
		C5D473611AE50CA30097E44F /* MenuTableViewCell.m */ = {isa = PBXFileReference; fileEncoding = 4; lastKnownFileType = sourcecode.c.objc; path = MenuTableViewCell.m; sourceTree = "<group>"; };
		C5D473631AE511730097E44F /* search-icon.png */ = {isa = PBXFileReference; lastKnownFileType = image.png; path = "search-icon.png"; sourceTree = "<group>"; };
		C5D473651AE56B540097E44F /* settings-icon.png */ = {isa = PBXFileReference; lastKnownFileType = image.png; path = "settings-icon.png"; sourceTree = "<group>"; };
		C5D4736A1AE63F610097E44F /* FilterViewController.h */ = {isa = PBXFileReference; fileEncoding = 4; lastKnownFileType = sourcecode.c.h; path = FilterViewController.h; sourceTree = "<group>"; };
		C5D4736B1AE63F610097E44F /* FilterViewController.m */ = {isa = PBXFileReference; fileEncoding = 4; lastKnownFileType = sourcecode.c.objc; path = FilterViewController.m; sourceTree = "<group>"; };
		C5D4736D1AE640260097E44F /* bucket.png */ = {isa = PBXFileReference; lastKnownFileType = image.png; path = bucket.png; sourceTree = "<group>"; };
		C5D4736F1AE66D820097E44F /* PartialTransparentView.h */ = {isa = PBXFileReference; fileEncoding = 4; lastKnownFileType = sourcecode.c.h; name = PartialTransparentView.h; path = views/PartialTransparentView.h; sourceTree = "<group>"; };
		C5D473701AE66D820097E44F /* PartialTransparentView.m */ = {isa = PBXFileReference; fileEncoding = 4; lastKnownFileType = sourcecode.c.objc; name = PartialTransparentView.m; path = views/PartialTransparentView.m; sourceTree = "<group>"; };
		C5D473751AE699DE0097E44F /* the-bar.png */ = {isa = PBXFileReference; lastKnownFileType = image.png; path = "the-bar.png"; sourceTree = "<group>"; };
		C5D473771AE69D500097E44F /* the-bar-x-v2.png */ = {isa = PBXFileReference; lastKnownFileType = image.png; path = "the-bar-x-v2.png"; sourceTree = "<group>"; };
		C5D473791AE6C29F0097E44F /* cross-simple.png */ = {isa = PBXFileReference; lastKnownFileType = image.png; path = "cross-simple.png"; sourceTree = "<group>"; };
		C5D4737D1AE6C6890097E44F /* slider-cross.png */ = {isa = PBXFileReference; lastKnownFileType = image.png; path = "slider-cross.png"; sourceTree = "<group>"; };
		C5D4737F1AE795890097E44F /* bucket-white.png */ = {isa = PBXFileReference; lastKnownFileType = image.png; path = "bucket-white.png"; sourceTree = "<group>"; };
		C5D473811AE7992E0097E44F /* people-icon.png */ = {isa = PBXFileReference; lastKnownFileType = image.png; path = "people-icon.png"; sourceTree = "<group>"; };
		C5D473831AE799610097E44F /* people-icon-white.png */ = {isa = PBXFileReference; lastKnownFileType = image.png; path = "people-icon-white.png"; sourceTree = "<group>"; };
		C5D473851AE79BC80097E44F /* the-bar-y-v2.png */ = {isa = PBXFileReference; lastKnownFileType = image.png; path = "the-bar-y-v2.png"; sourceTree = "<group>"; };
		C5D473881AE79C590097E44F /* InfoViewController.m */ = {isa = PBXFileReference; fileEncoding = 4; lastKnownFileType = sourcecode.c.objc; name = InfoViewController.m; path = views/InfoViewController.m; sourceTree = "<group>"; };
		C5D4738C1AF2BA8D0097E44F /* wave-logo.png */ = {isa = PBXFileReference; lastKnownFileType = image.png; path = "wave-logo.png"; sourceTree = "<group>"; };
		C5D4738E1AF371E10097E44F /* ripples.png */ = {isa = PBXFileReference; lastKnownFileType = image.png; path = ripples.png; sourceTree = "<group>"; };
		C5D473901AF3B5310097E44F /* PinnedViewController.h */ = {isa = PBXFileReference; fileEncoding = 4; lastKnownFileType = sourcecode.c.h; path = PinnedViewController.h; sourceTree = "<group>"; };
		C5D473911AF3B5310097E44F /* PinnedViewController.m */ = {isa = PBXFileReference; fileEncoding = 4; lastKnownFileType = sourcecode.c.objc; path = PinnedViewController.m; sourceTree = "<group>"; };
		C5D473961AF920080097E44F /* ConstraintHelper.h */ = {isa = PBXFileReference; fileEncoding = 4; lastKnownFileType = sourcecode.c.h; path = ConstraintHelper.h; sourceTree = "<group>"; };
		C5D473971AF920080097E44F /* ConstraintHelper.m */ = {isa = PBXFileReference; fileEncoding = 4; lastKnownFileType = sourcecode.c.objc; path = ConstraintHelper.m; sourceTree = "<group>"; };
		C5D473991AF935580097E44F /* DropModel.h */ = {isa = PBXFileReference; fileEncoding = 4; lastKnownFileType = sourcecode.c.h; path = DropModel.h; sourceTree = "<group>"; };
		C5D4739A1AF935580097E44F /* DropModel.m */ = {isa = PBXFileReference; fileEncoding = 4; lastKnownFileType = sourcecode.c.objc; path = DropModel.m; sourceTree = "<group>"; };
		C5D4739C1AF93A660097E44F /* drop.png */ = {isa = PBXFileReference; lastKnownFileType = image.png; path = drop.png; sourceTree = "<group>"; };
		C5D4739D1AF93A660097E44F /* eye.png */ = {isa = PBXFileReference; lastKnownFileType = image.png; path = eye.png; sourceTree = "<group>"; };
		C5D473A31AFA0E0D0097E44F /* ChatTableView.h */ = {isa = PBXFileReference; fileEncoding = 4; lastKnownFileType = sourcecode.c.h; path = ChatTableView.h; sourceTree = "<group>"; };
		C5D473A41AFA0E0D0097E44F /* ChatTableView.m */ = {isa = PBXFileReference; fileEncoding = 4; lastKnownFileType = sourcecode.c.objc; path = ChatTableView.m; sourceTree = "<group>"; };
		C5D473A61AFA4A800097E44F /* BucketController.h */ = {isa = PBXFileReference; fileEncoding = 4; lastKnownFileType = sourcecode.c.h; path = BucketController.h; sourceTree = "<group>"; };
		C5D473A71AFA4A800097E44F /* BucketController.m */ = {isa = PBXFileReference; fileEncoding = 4; lastKnownFileType = sourcecode.c.objc; path = BucketController.m; sourceTree = "<group>"; };
		C5D473A91AFA4BEB0097E44F /* BucketModel.h */ = {isa = PBXFileReference; fileEncoding = 4; lastKnownFileType = sourcecode.c.h; path = BucketModel.h; sourceTree = "<group>"; };
		C5D473AA1AFA4BEB0097E44F /* BucketModel.m */ = {isa = PBXFileReference; fileEncoding = 4; lastKnownFileType = sourcecode.c.objc; path = BucketModel.m; sourceTree = "<group>"; };
		C5D473AC1AFA5BB30097E44F /* MediaController.h */ = {isa = PBXFileReference; fileEncoding = 4; lastKnownFileType = sourcecode.c.h; path = MediaController.h; sourceTree = "<group>"; };
		C5D473AD1AFA5BB30097E44F /* MediaController.m */ = {isa = PBXFileReference; fileEncoding = 4; lastKnownFileType = sourcecode.c.objc; path = MediaController.m; sourceTree = "<group>"; };
		C5D473AF1AFB67D80097E44F /* tick.png */ = {isa = PBXFileReference; lastKnownFileType = image.png; path = tick.png; sourceTree = "<group>"; };
		C5D473B11AFBB7600097E44F /* triangle.png */ = {isa = PBXFileReference; lastKnownFileType = image.png; path = triangle.png; sourceTree = "<group>"; };
		C5D473B31AFCCE790097E44F /* GraphicsHelper.h */ = {isa = PBXFileReference; fileEncoding = 4; lastKnownFileType = sourcecode.c.h; path = GraphicsHelper.h; sourceTree = "<group>"; };
		C5D473B41AFCCE790097E44F /* GraphicsHelper.m */ = {isa = PBXFileReference; fileEncoding = 4; lastKnownFileType = sourcecode.c.objc; path = GraphicsHelper.m; sourceTree = "<group>"; };
		C5D473B91AFD05BB0097E44F /* MediaPlayerViewController.h */ = {isa = PBXFileReference; fileEncoding = 4; lastKnownFileType = sourcecode.c.h; path = MediaPlayerViewController.h; sourceTree = "<group>"; };
		C5D473BA1AFD05BB0097E44F /* MediaPlayerViewController.m */ = {isa = PBXFileReference; fileEncoding = 4; lastKnownFileType = sourcecode.c.objc; path = MediaPlayerViewController.m; sourceTree = "<group>"; };
		C5D473BD1AFD0BB70097E44F /* CircleIndicatorView.h */ = {isa = PBXFileReference; fileEncoding = 4; lastKnownFileType = sourcecode.c.h; path = CircleIndicatorView.h; sourceTree = "<group>"; };
		C5D473BE1AFD0BB70097E44F /* CircleIndicatorView.m */ = {isa = PBXFileReference; fileEncoding = 4; lastKnownFileType = sourcecode.c.objc; path = CircleIndicatorView.m; sourceTree = "<group>"; };
		C5D473C01B010A440097E44F /* DataHelper.h */ = {isa = PBXFileReference; fileEncoding = 4; lastKnownFileType = sourcecode.c.h; path = DataHelper.h; sourceTree = "<group>"; };
		C5D473C11B010A440097E44F /* DataHelper.m */ = {isa = PBXFileReference; fileEncoding = 4; lastKnownFileType = sourcecode.c.objc; path = DataHelper.m; sourceTree = "<group>"; };
		C5D473C31B0120F90097E44F /* refresh.png */ = {isa = PBXFileReference; lastKnownFileType = image.png; path = refresh.png; sourceTree = "<group>"; };
		C5FF1E4F1B04D7D00081BEDD /* reply-icon.png */ = {isa = PBXFileReference; lastKnownFileType = image.png; path = "reply-icon.png"; sourceTree = "<group>"; };
		C5FF1E511B04EECB0081BEDD /* arrow-down-icon.png */ = {isa = PBXFileReference; lastKnownFileType = image.png; path = "arrow-down-icon.png"; sourceTree = "<group>"; };
		C5FF1E531B04F1510081BEDD /* InfoView.h */ = {isa = PBXFileReference; fileEncoding = 4; lastKnownFileType = sourcecode.c.h; path = InfoView.h; sourceTree = "<group>"; };
		C5FF1E541B04F1510081BEDD /* InfoView.m */ = {isa = PBXFileReference; fileEncoding = 4; lastKnownFileType = sourcecode.c.objc; path = InfoView.m; sourceTree = "<group>"; };
		C5FF1E561B05D37F0081BEDD /* arrow-up-icon.png */ = {isa = PBXFileReference; lastKnownFileType = image.png; path = "arrow-up-icon.png"; sourceTree = "<group>"; };
		C5FF1E581B05EB870081BEDD /* search-icon-white.png */ = {isa = PBXFileReference; lastKnownFileType = image.png; path = "search-icon-white.png"; sourceTree = "<group>"; };
		C5FF1E5A1B06223B0081BEDD /* SuperModel.h */ = {isa = PBXFileReference; fileEncoding = 4; lastKnownFileType = sourcecode.c.h; path = SuperModel.h; sourceTree = "<group>"; };
		C5FF1E5B1B06223B0081BEDD /* SuperModel.m */ = {isa = PBXFileReference; fileEncoding = 4; lastKnownFileType = sourcecode.c.objc; path = SuperModel.m; sourceTree = "<group>"; };
		F1BD621A1AE460D400BDE1CA /* Carousel.h */ = {isa = PBXFileReference; fileEncoding = 4; lastKnownFileType = sourcecode.c.h; path = Carousel.h; sourceTree = "<group>"; };
		F1BD621B1AE460D400BDE1CA /* Carousel.m */ = {isa = PBXFileReference; fileEncoding = 4; lastKnownFileType = sourcecode.c.objc; path = Carousel.m; sourceTree = "<group>"; };
		F1BD621D1AE46EFC00BDE1CA /* ActivityTableViewCell.h */ = {isa = PBXFileReference; fileEncoding = 4; lastKnownFileType = sourcecode.c.h; path = ActivityTableViewCell.h; sourceTree = "<group>"; };
		F1BD621E1AE46EFC00BDE1CA /* ActivityTableViewCell.m */ = {isa = PBXFileReference; fileEncoding = 4; lastKnownFileType = sourcecode.c.objc; path = ActivityTableViewCell.m; sourceTree = "<group>"; };
		F1BD62201AEBB46F00BDE1CA /* 169.jpg */ = {isa = PBXFileReference; lastKnownFileType = image.jpeg; path = 169.jpg; sourceTree = "<group>"; };
		F1BD62221AEC7FA300BDE1CA /* cross.png */ = {isa = PBXFileReference; lastKnownFileType = image.png; path = cross.png; sourceTree = "<group>"; };
		F1BD62241AEC871F00BDE1CA /* BucketTypeModel.h */ = {isa = PBXFileReference; fileEncoding = 4; lastKnownFileType = sourcecode.c.h; path = BucketTypeModel.h; sourceTree = "<group>"; };
		F1BD62251AEC871F00BDE1CA /* BucketTypeModel.m */ = {isa = PBXFileReference; fileEncoding = 4; lastKnownFileType = sourcecode.c.objc; path = BucketTypeModel.m; sourceTree = "<group>"; };
		F1BD62281AED9EDB00BDE1CA /* BucketViewController.h */ = {isa = PBXFileReference; fileEncoding = 4; lastKnownFileType = sourcecode.c.h; path = BucketViewController.h; sourceTree = "<group>"; };
		F1BD62291AED9EDB00BDE1CA /* BucketViewController.m */ = {isa = PBXFileReference; fileEncoding = 4; lastKnownFileType = sourcecode.c.objc; path = BucketViewController.m; sourceTree = "<group>"; };
		F1BD622B1AEDBC8C00BDE1CA /* PeekViewController.h */ = {isa = PBXFileReference; fileEncoding = 4; lastKnownFileType = sourcecode.c.h; path = PeekViewController.h; sourceTree = "<group>"; };
		F1BD622C1AEDBC8C00BDE1CA /* PeekViewController.m */ = {isa = PBXFileReference; fileEncoding = 4; lastKnownFileType = sourcecode.c.objc; path = PeekViewController.m; sourceTree = "<group>"; };
		F1BD622E1AF057D100BDE1CA /* ChatViewController.h */ = {isa = PBXFileReference; fileEncoding = 4; lastKnownFileType = sourcecode.c.h; path = ChatViewController.h; sourceTree = "<group>"; };
		F1BD622F1AF057D100BDE1CA /* ChatViewController.m */ = {isa = PBXFileReference; fileEncoding = 4; lastKnownFileType = sourcecode.c.objc; path = ChatViewController.m; sourceTree = "<group>"; };
		F1BD62311AF0588000BDE1CA /* ChatTableViewCell.h */ = {isa = PBXFileReference; fileEncoding = 4; lastKnownFileType = sourcecode.c.h; path = ChatTableViewCell.h; sourceTree = "<group>"; };
		F1BD62321AF0588000BDE1CA /* ChatTableViewCell.m */ = {isa = PBXFileReference; fileEncoding = 4; lastKnownFileType = sourcecode.c.objc; path = ChatTableViewCell.m; sourceTree = "<group>"; };
		F1BD62341AF05C0C00BDE1CA /* ChatMessageLabel.h */ = {isa = PBXFileReference; fileEncoding = 4; lastKnownFileType = sourcecode.c.h; path = ChatMessageLabel.h; sourceTree = "<group>"; };
		F1BD62351AF05C0C00BDE1CA /* ChatMessageLabel.m */ = {isa = PBXFileReference; fileEncoding = 4; lastKnownFileType = sourcecode.c.objc; path = ChatMessageLabel.m; sourceTree = "<group>"; };
		F1D9AB461AF5A048005BFE2C /* EditImageViewController.h */ = {isa = PBXFileReference; fileEncoding = 4; lastKnownFileType = sourcecode.c.h; path = EditImageViewController.h; sourceTree = "<group>"; };
		F1D9AB471AF5A048005BFE2C /* EditImageViewController.m */ = {isa = PBXFileReference; fileEncoding = 4; lastKnownFileType = sourcecode.c.objc; path = EditImageViewController.m; sourceTree = "<group>"; };
		F1D9AB491AF5A3E3005BFE2C /* RGB-colors.png */ = {isa = PBXFileReference; lastKnownFileType = image.png; path = "RGB-colors.png"; sourceTree = "<group>"; };
		F1DBB5411B0D38030097F709 /* MediaModel.h */ = {isa = PBXFileReference; fileEncoding = 4; lastKnownFileType = sourcecode.c.h; path = MediaModel.h; sourceTree = "<group>"; };
		F1DBB5421B0D38030097F709 /* MediaModel.m */ = {isa = PBXFileReference; fileEncoding = 4; lastKnownFileType = sourcecode.c.objc; path = MediaModel.m; sourceTree = "<group>"; };
		F1DBB5471B0E3E130097F709 /* FeedModel.h */ = {isa = PBXFileReference; fileEncoding = 4; lastKnownFileType = sourcecode.c.h; path = FeedModel.h; sourceTree = "<group>"; };
		F1DBB5481B0E3E130097F709 /* FeedModel.m */ = {isa = PBXFileReference; fileEncoding = 4; lastKnownFileType = sourcecode.c.objc; path = FeedModel.m; sourceTree = "<group>"; };
		F1DBB54A1B0E4A080097F709 /* manatee.png */ = {isa = PBXFileReference; lastKnownFileType = image.png; path = manatee.png; sourceTree = "<group>"; };
		F1DBB54D1B0FCC0C0097F709 /* ProfileViewController.h */ = {isa = PBXFileReference; fileEncoding = 4; lastKnownFileType = sourcecode.c.h; path = ProfileViewController.h; sourceTree = "<group>"; };
		F1DBB54E1B0FCC0C0097F709 /* ProfileViewController.m */ = {isa = PBXFileReference; fileEncoding = 4; lastKnownFileType = sourcecode.c.objc; path = ProfileViewController.m; sourceTree = "<group>"; };
		F1DBB5511B0FD46F0097F709 /* ServerTableViewController.h */ = {isa = PBXFileReference; fileEncoding = 4; lastKnownFileType = sourcecode.c.h; path = ServerTableViewController.h; sourceTree = "<group>"; };
		F1DBB5521B0FD46F0097F709 /* ServerTableViewController.m */ = {isa = PBXFileReference; fileEncoding = 4; lastKnownFileType = sourcecode.c.objc; path = ServerTableViewController.m; sourceTree = "<group>"; };
		F1DBB5531B0FD46F0097F709 /* SettingsTableViewCell.h */ = {isa = PBXFileReference; fileEncoding = 4; lastKnownFileType = sourcecode.c.h; path = SettingsTableViewCell.h; sourceTree = "<group>"; };
		F1DBB5541B0FD46F0097F709 /* SettingsTableViewCell.m */ = {isa = PBXFileReference; fileEncoding = 4; lastKnownFileType = sourcecode.c.objc; path = SettingsTableViewCell.m; sourceTree = "<group>"; };
		F1DBB5551B0FD46F0097F709 /* SettingsTableViewController.h */ = {isa = PBXFileReference; fileEncoding = 4; lastKnownFileType = sourcecode.c.h; path = SettingsTableViewController.h; sourceTree = "<group>"; };
		F1DBB5561B0FD46F0097F709 /* SettingsTableViewController.m */ = {isa = PBXFileReference; fileEncoding = 4; lastKnownFileType = sourcecode.c.objc; path = SettingsTableViewController.m; sourceTree = "<group>"; };
		F1DBB5571B0FD46F0097F709 /* SuperSettingsTableViewController.h */ = {isa = PBXFileReference; fileEncoding = 4; lastKnownFileType = sourcecode.c.h; path = SuperSettingsTableViewController.h; sourceTree = "<group>"; };
		F1DBB5581B0FD46F0097F709 /* SuperSettingsTableViewController.m */ = {isa = PBXFileReference; fileEncoding = 4; lastKnownFileType = sourcecode.c.objc; path = SuperSettingsTableViewController.m; sourceTree = "<group>"; };
		F1DBB5591B0FD46F0097F709 /* ChangePasswordTableViewController.h */ = {isa = PBXFileReference; fileEncoding = 4; lastKnownFileType = sourcecode.c.h; path = ChangePasswordTableViewController.h; sourceTree = "<group>"; };
		F1DBB55A1B0FD46F0097F709 /* ChangePasswordTableViewController.m */ = {isa = PBXFileReference; fileEncoding = 4; lastKnownFileType = sourcecode.c.objc; path = ChangePasswordTableViewController.m; sourceTree = "<group>"; };
		F1DBB55B1B0FD46F0097F709 /* EditProfileTableViewController.h */ = {isa = PBXFileReference; fileEncoding = 4; lastKnownFileType = sourcecode.c.h; path = EditProfileTableViewController.h; sourceTree = "<group>"; };
		F1DBB55C1B0FD46F0097F709 /* EditProfileTableViewController.m */ = {isa = PBXFileReference; fileEncoding = 4; lastKnownFileType = sourcecode.c.objc; path = EditProfileTableViewController.m; sourceTree = "<group>"; };
		F1DBB55D1B0FD46F0097F709 /* ProfilePictureViewController.h */ = {isa = PBXFileReference; fileEncoding = 4; lastKnownFileType = sourcecode.c.h; path = ProfilePictureViewController.h; sourceTree = "<group>"; };
		F1DBB55E1B0FD46F0097F709 /* ProfilePictureViewController.m */ = {isa = PBXFileReference; fileEncoding = 4; lastKnownFileType = sourcecode.c.objc; path = ProfilePictureViewController.m; sourceTree = "<group>"; };
		F1DBB5671B0FED430097F709 /* NavigationViewController.m */ = {isa = PBXFileReference; fileEncoding = 4; lastKnownFileType = sourcecode.c.objc; path = NavigationViewController.m; sourceTree = "<group>"; };
		F1DBB5681B0FED430097F709 /* NavigationViewController.h */ = {isa = PBXFileReference; fileEncoding = 4; lastKnownFileType = sourcecode.c.h; path = NavigationViewController.h; sourceTree = "<group>"; };
		F1DBB56A1B12ABBF0097F709 /* PeekViewModule.h */ = {isa = PBXFileReference; fileEncoding = 4; lastKnownFileType = sourcecode.c.h; path = PeekViewModule.h; sourceTree = "<group>"; };
		F1DBB56B1B12ABBF0097F709 /* PeekViewModule.m */ = {isa = PBXFileReference; fileEncoding = 4; lastKnownFileType = sourcecode.c.objc; path = PeekViewModule.m; sourceTree = "<group>"; };
		F1DBB56D1B12B6930097F709 /* dots-icon.png */ = {isa = PBXFileReference; lastKnownFileType = image.png; path = "dots-icon.png"; sourceTree = "<group>"; };
		F1DBB56F1B12BAC50097F709 /* settings-icon-white.png */ = {isa = PBXFileReference; lastKnownFileType = image.png; name = "settings-icon-white.png"; path = "../../../../../../Downloads/settings-icon-white.png"; sourceTree = "<group>"; };
		F1DBB5711B12C0C10097F709 /* manatee-white.png */ = {isa = PBXFileReference; lastKnownFileType = image.png; name = "manatee-white.png"; path = "../../../../../../Downloads/manatee-white.png"; sourceTree = "<group>"; };
		F1DBB5791B14E38D0097F709 /* TestBoxViewController.h */ = {isa = PBXFileReference; fileEncoding = 4; lastKnownFileType = sourcecode.c.h; path = TestBoxViewController.h; sourceTree = "<group>"; };
		F1DBB57A1B14E38D0097F709 /* TestBoxViewController.m */ = {isa = PBXFileReference; fileEncoding = 4; lastKnownFileType = sourcecode.c.objc; path = TestBoxViewController.m; sourceTree = "<group>"; };
		F1DBB57C1B14E3D70097F709 /* ImageEditorView.h */ = {isa = PBXFileReference; fileEncoding = 4; lastKnownFileType = sourcecode.c.h; path = ImageEditorView.h; sourceTree = "<group>"; };
		F1DBB57D1B14E3D70097F709 /* ImageEditorView.m */ = {isa = PBXFileReference; fileEncoding = 4; lastKnownFileType = sourcecode.c.objc; path = ImageEditorView.m; sourceTree = "<group>"; };
		F1DBB5821B1501330097F709 /* CaptionTextField.h */ = {isa = PBXFileReference; fileEncoding = 4; lastKnownFileType = sourcecode.c.h; path = CaptionTextField.h; sourceTree = "<group>"; };
		F1DBB5831B1501340097F709 /* CaptionTextField.m */ = {isa = PBXFileReference; fileEncoding = 4; lastKnownFileType = sourcecode.c.objc; path = CaptionTextField.m; sourceTree = "<group>"; };
		F1DBB5851B1542880097F709 /* plus-simple.png */ = {isa = PBXFileReference; lastKnownFileType = image.png; name = "plus-simple.png"; path = "../../../../../../Downloads/plus-simple.png"; sourceTree = "<group>"; };
		F1E127A81AFED2E7000E3F2C /* DropView.h */ = {isa = PBXFileReference; fileEncoding = 4; lastKnownFileType = sourcecode.c.h; path = DropView.h; sourceTree = "<group>"; };
		F1E127A91AFED2E7000E3F2C /* DropView.m */ = {isa = PBXFileReference; fileEncoding = 4; lastKnownFileType = sourcecode.c.objc; path = DropView.m; sourceTree = "<group>"; };
		F1E127AB1AFEDB5D000E3F2C /* DropController.h */ = {isa = PBXFileReference; fileEncoding = 4; lastKnownFileType = sourcecode.c.h; path = DropController.h; sourceTree = "<group>"; };
		F1E127AC1AFEDB5D000E3F2C /* DropController.m */ = {isa = PBXFileReference; fileEncoding = 4; lastKnownFileType = sourcecode.c.objc; path = DropController.m; sourceTree = "<group>"; };
		F1E127AE1AFEE09F000E3F2C /* TagController.h */ = {isa = PBXFileReference; fileEncoding = 4; lastKnownFileType = sourcecode.c.h; path = TagController.h; sourceTree = "<group>"; };
		F1E127AF1AFEE09F000E3F2C /* TagController.m */ = {isa = PBXFileReference; fileEncoding = 4; lastKnownFileType = sourcecode.c.objc; path = TagController.m; sourceTree = "<group>"; };
		F1E127B11AFEE1BA000E3F2C /* SubscribeController.h */ = {isa = PBXFileReference; fileEncoding = 4; lastKnownFileType = sourcecode.c.h; path = SubscribeController.h; sourceTree = "<group>"; };
		F1E127B21AFEE1BA000E3F2C /* SubscribeController.m */ = {isa = PBXFileReference; fileEncoding = 4; lastKnownFileType = sourcecode.c.objc; path = SubscribeController.m; sourceTree = "<group>"; };
		F1E127B41AFFCB1E000E3F2C /* download-icon.png */ = {isa = PBXFileReference; lastKnownFileType = image.png; path = "download-icon.png"; sourceTree = "<group>"; };
		F1E127B61AFFD190000E3F2C /* ProgressView.h */ = {isa = PBXFileReference; fileEncoding = 4; lastKnownFileType = sourcecode.c.h; path = ProgressView.h; sourceTree = "<group>"; };
		F1E127B71AFFD191000E3F2C /* ProgressView.m */ = {isa = PBXFileReference; fileEncoding = 4; lastKnownFileType = sourcecode.c.objc; path = ProgressView.m; sourceTree = "<group>"; };
		F1E127B91B00141E000E3F2C /* play.png */ = {isa = PBXFileReference; lastKnownFileType = image.png; path = play.png; sourceTree = "<group>"; };
		F1E127BB1B0018FB000E3F2C /* BucketView.h */ = {isa = PBXFileReference; fileEncoding = 4; lastKnownFileType = sourcecode.c.h; path = BucketView.h; sourceTree = "<group>"; };
		F1E127BC1B0018FB000E3F2C /* BucketView.m */ = {isa = PBXFileReference; fileEncoding = 4; lastKnownFileType = sourcecode.c.objc; path = BucketView.m; sourceTree = "<group>"; };
		F1E127BE1B0023C0000E3F2C /* media-pause.png */ = {isa = PBXFileReference; lastKnownFileType = image.png; path = "media-pause.png"; sourceTree = "<group>"; };
/* End PBXFileReference section */

/* Begin PBXFrameworksBuildPhase section */
		C57AD09E1AD7EDB800B6042A /* Frameworks */ = {
			isa = PBXFrameworksBuildPhase;
			buildActionMask = 2147483647;
			files = (
			);
			runOnlyForDeploymentPostprocessing = 0;
		};
		C57AD0B71AD7EDB800B6042A /* Frameworks */ = {
			isa = PBXFrameworksBuildPhase;
			buildActionMask = 2147483647;
			files = (
			);
			runOnlyForDeploymentPostprocessing = 0;
		};
/* End PBXFrameworksBuildPhase section */

/* Begin PBXGroup section */
		C5576B1C1ADBC195009C1D5E /* app */ = {
			isa = PBXGroup;
			children = (
				F1D9AB451AF5A026005BFE2C /* pictureEdit (temporary) */,
				C5576B1D1ADBC195009C1D5E /* controllers */,
				C5576B1E1ADBC195009C1D5E /* helpers */,
				C5576B261ADBC195009C1D5E /* models */,
				C5576B281ADBC195009C1D5E /* views */,
				F1E127A21AFE8244000E3F2C /* modules */,
				C5576B271ADBC195009C1D5E /* res */,
				C5576B251ADBC195009C1D5E /* lib */,
				C5576B471ADBD79A009C1D5E /* Localizable.strings */,
			);
			path = app;
			sourceTree = "<group>";
		};
		C5576B1D1ADBC195009C1D5E /* controllers */ = {
			isa = PBXGroup;
			children = (
				C5A27B581ADD002A00968033 /* ApplicationController.h */,
				C5A27B591ADD002A00968033 /* ApplicationController.m */,
				C5A27B701ADD0BF500968033 /* RegisterController.h */,
				C5A27B711ADD0BF500968033 /* RegisterController.m */,
				C5A27B7C1ADD265400968033 /* LoginController.h */,
				C5A27B7D1ADD265400968033 /* LoginController.m */,
				C5D473A61AFA4A800097E44F /* BucketController.h */,
				C5D473A71AFA4A800097E44F /* BucketController.m */,
				C5D473AC1AFA5BB30097E44F /* MediaController.h */,
				C5D473AD1AFA5BB30097E44F /* MediaController.m */,
				F1E127AB1AFEDB5D000E3F2C /* DropController.h */,
				F1E127AC1AFEDB5D000E3F2C /* DropController.m */,
				F1E127AE1AFEE09F000E3F2C /* TagController.h */,
				F1E127AF1AFEE09F000E3F2C /* TagController.m */,
				F1E127B11AFEE1BA000E3F2C /* SubscribeController.h */,
				F1E127B21AFEE1BA000E3F2C /* SubscribeController.m */,
			);
			path = controllers;
			sourceTree = "<group>";
		};
		C5576B1E1ADBC195009C1D5E /* helpers */ = {
			isa = PBXGroup;
			children = (
				C5576B1F1ADBC195009C1D5E /* CameraHelper.h */,
				C5576B201ADBC195009C1D5E /* CameraHelper.m */,
				C5576B211ADBC195009C1D5E /* ColorHelper.h */,
				C5576B221ADBC195009C1D5E /* ColorHelper.m */,
				C5576B231ADBC195009C1D5E /* UIHelper.h */,
				C5576B241ADBC195009C1D5E /* UIHelper.m */,
				C5A27B611ADD01AE00968033 /* AuthHelper.h */,
				C5A27B621ADD01AE00968033 /* AuthHelper.m */,
				C5A27B641ADD01C100968033 /* ParserHelper.h */,
				C5A27B651ADD01C100968033 /* ParserHelper.m */,
				C5A27B671ADD01D000968033 /* NotificationHelper.h */,
				C5A27B681ADD01D000968033 /* NotificationHelper.m */,
				C5A27B6A1ADD01F200968033 /* ApplicationHelper.h */,
				C5A27B6B1ADD01F200968033 /* ApplicationHelper.m */,
				C5A27B6D1ADD083300968033 /* ConfigHelper.h */,
				C5A27B6E1ADD083300968033 /* ConfigHelper.m */,
				C5D473961AF920080097E44F /* ConstraintHelper.h */,
				C5D473971AF920080097E44F /* ConstraintHelper.m */,
				C5D473B31AFCCE790097E44F /* GraphicsHelper.h */,
				C5D473B41AFCCE790097E44F /* GraphicsHelper.m */,
				C5D473C01B010A440097E44F /* DataHelper.h */,
				C5D473C11B010A440097E44F /* DataHelper.m */,
			);
			path = helpers;
			sourceTree = "<group>";
		};
		C5576B251ADBC195009C1D5E /* lib */ = {
			isa = PBXGroup;
			children = (
				C5A27B5B1ADD019900968033 /* SSKeychain.h */,
				C5A27B5C1ADD019900968033 /* SSKeychain.m */,
				C5A27B5D1ADD019900968033 /* SSKeychainQuery.h */,
				C5A27B5E1ADD019900968033 /* SSKeychainQuery.m */,
			);
			path = lib;
			sourceTree = "<group>";
		};
		C5576B261ADBC195009C1D5E /* models */ = {
			isa = PBXGroup;
			children = (
				C5A27B521ADC060000968033 /* TextFieldWrapper.h */,
				C5A27B531ADC060000968033 /* TextFieldWrapper.m */,
				C5A27B731ADD0F4500968033 /* ResponseModel.h */,
				C5A27B741ADD0F4500968033 /* ResponseModel.m */,
				C5A27B761ADD128100968033 /* UserModel.h */,
				C5A27B771ADD128100968033 /* UserModel.m */,
				F1BD62241AEC871F00BDE1CA /* BucketTypeModel.h */,
				F1BD62251AEC871F00BDE1CA /* BucketTypeModel.m */,
				C5D473991AF935580097E44F /* DropModel.h */,
				C5D4739A1AF935580097E44F /* DropModel.m */,
				C5D473A91AFA4BEB0097E44F /* BucketModel.h */,
				C5D473AA1AFA4BEB0097E44F /* BucketModel.m */,
				C5FF1E5A1B06223B0081BEDD /* SuperModel.h */,
				C5FF1E5B1B06223B0081BEDD /* SuperModel.m */,
				F1DBB5411B0D38030097F709 /* MediaModel.h */,
				F1DBB5421B0D38030097F709 /* MediaModel.m */,
				F1DBB5471B0E3E130097F709 /* FeedModel.h */,
				F1DBB5481B0E3E130097F709 /* FeedModel.m */,
			);
			path = models;
			sourceTree = "<group>";
		};
		C5576B271ADBC195009C1D5E /* res */ = {
			isa = PBXGroup;
			children = (
				F1DBB5711B12C0C10097F709 /* manatee-white.png */,
				F1DBB56D1B12B6930097F709 /* dots-icon.png */,
				F1DBB54A1B0E4A080097F709 /* manatee.png */,
				C5FF1E4F1B04D7D00081BEDD /* reply-icon.png */,
				C5D473C31B0120F90097E44F /* refresh.png */,
				F1E127BE1B0023C0000E3F2C /* media-pause.png */,
				C5FF1E581B05EB870081BEDD /* search-icon-white.png */,
				C5FF1E511B04EECB0081BEDD /* arrow-down-icon.png */,
				F1E127B41AFFCB1E000E3F2C /* download-icon.png */,
				C5D4736D1AE640260097E44F /* bucket.png */,
				C5D473631AE511730097E44F /* search-icon.png */,
				C5FF1E561B05D37F0081BEDD /* arrow-up-icon.png */,
				C5D4738E1AF371E10097E44F /* ripples.png */,
				C5D4739C1AF93A660097E44F /* drop.png */,
				C5D4739D1AF93A660097E44F /* eye.png */,
				C5A27B961ADE52CC00968033 /* test1.jpg */,
				C5A27B971ADE52CC00968033 /* test2.jpg */,
				F1BD62201AEBB46F00BDE1CA /* 169.jpg */,
				F1DBB5851B1542880097F709 /* plus-simple.png */,
				C5D473B11AFBB7600097E44F /* triangle.png */,
				C5D473AF1AFB67D80097E44F /* tick.png */,
				F1D9AB491AF5A3E3005BFE2C /* RGB-colors.png */,
				C5D473851AE79BC80097E44F /* the-bar-y-v2.png */,
				F1BD62221AEC7FA300BDE1CA /* cross.png */,
				C5D4738C1AF2BA8D0097E44F /* wave-logo.png */,
				F1E127B91B00141E000E3F2C /* play.png */,
				F1DBB56F1B12BAC50097F709 /* settings-icon-white.png */,
				C5A27BA21ADE779500968033 /* events-icon.png */,
				C5D473651AE56B540097E44F /* settings-icon.png */,
				C5D4737F1AE795890097E44F /* bucket-white.png */,
				C5A27BAB1ADEB5F100968033 /* menu.png */,
				C5A27BA31ADE779500968033 /* profile-icon.png */,
				C5A27BA41ADE779500968033 /* feed-icon.png */,
				C5D473791AE6C29F0097E44F /* cross-simple.png */,
				C5D473771AE69D500097E44F /* the-bar-x-v2.png */,
				C5D473751AE699DE0097E44F /* the-bar.png */,
				C5D473811AE7992E0097E44F /* people-icon.png */,
				C5D473831AE799610097E44F /* people-icon-white.png */,
				C5D4737D1AE6C6890097E44F /* slider-cross.png */,
				C5A27B981ADE52CC00968033 /* miranda-kerr.jpg */,
				C5576B4F1ADBE0DB009C1D5E /* wz-monkey-bg.jpg */,
				C5A27B501ADC014E00968033 /* cross-white.png */,
				C5576B411ADBC1FC009C1D5E /* camera-icon.png */,
			);
			path = res;
			sourceTree = "<group>";
		};
		C5576B281ADBC195009C1D5E /* views */ = {
			isa = PBXGroup;
			children = (
				F1DBB5501B0FD39B0097F709 /* settings */,
				C5A27B7F1ADD592E00968033 /* SlideMenu */,
				F1BD62271AED9EBC00BDE1CA /* bucket */,
				F1E127A31AFE8915000E3F2C /* carousel */,
				F1E127A11AFE7FD0000E3F2C /* overlay */,
				C5576B511ADBE2A1009C1D5E /* login */,
				C5A27B891ADD6DD500968033 /* NavigationControlViewController.h */,
				C5A27B8A1ADD6DD500968033 /* NavigationControlViewController.m */,
				C5576B2D1ADBC195009C1D5E /* DefaultViewController.h */,
				C5576B2E1ADBC195009C1D5E /* DefaultViewController.m */,
				C5576B311ADBC195009C1D5E /* SuperViewController.h */,
				C5576B321ADBC195009C1D5E /* SuperViewController.m */,
				C5576B2B1ADBC195009C1D5E /* CameraViewController.h */,
				C5576B2C1ADBC195009C1D5E /* CameraViewController.m */,
				C5576B4C1ADBDB14009C1D5E /* NavigationController.h */,
				C5576B4D1ADBDB14009C1D5E /* NavigationController.m */,
				C5D473B91AFD05BB0097E44F /* MediaPlayerViewController.h */,
				C5D473BA1AFD05BB0097E44F /* MediaPlayerViewController.m */,
			);
			path = views;
			sourceTree = "<group>";
		};
		C5576B511ADBE2A1009C1D5E /* login */ = {
			isa = PBXGroup;
			children = (
				C5576B491ADBDA22009C1D5E /* StartViewController.h */,
				C5576B4A1ADBDA22009C1D5E /* StartViewController.m */,
				C5576B521ADBE2C1009C1D5E /* RegisterViewController.h */,
				C5576B531ADBE2C1009C1D5E /* RegisterViewController.m */,
				C5576B551ADBE31A009C1D5E /* SuperLoginViewController.h */,
				C5576B561ADBE31A009C1D5E /* SuperLoginViewController.m */,
				C5A27B791ADD1DEB00968033 /* LoginViewController.h */,
				C5A27B7A1ADD1DEB00968033 /* LoginViewController.m */,
			);
			name = login;
			sourceTree = "<group>";
		};
		C57AD0981AD7EDB800B6042A = {
			isa = PBXGroup;
			children = (
				C57AD0A31AD7EDB800B6042A /* wave */,
				C57AD0BD1AD7EDB800B6042A /* waveTests */,
				C57AD0A21AD7EDB800B6042A /* Products */,
			);
			sourceTree = "<group>";
		};
		C57AD0A21AD7EDB800B6042A /* Products */ = {
			isa = PBXGroup;
			children = (
				C57AD0A11AD7EDB800B6042A /* wave.app */,
				C57AD0BA1AD7EDB800B6042A /* waveTests.xctest */,
			);
			name = Products;
			sourceTree = "<group>";
		};
		C57AD0A31AD7EDB800B6042A /* wave */ = {
			isa = PBXGroup;
			children = (
				C5576B1C1ADBC195009C1D5E /* app */,
				C57AD0A81AD7EDB800B6042A /* AppDelegate.h */,
				C57AD0A91AD7EDB800B6042A /* AppDelegate.m */,
				C57AD0AE1AD7EDB800B6042A /* Main.storyboard */,
				C57AD0B11AD7EDB800B6042A /* Images.xcassets */,
				C57AD0B31AD7EDB800B6042A /* LaunchScreen.xib */,
				C57AD0A41AD7EDB800B6042A /* Supporting Files */,
			);
			path = wave;
			sourceTree = "<group>";
		};
		C57AD0A41AD7EDB800B6042A /* Supporting Files */ = {
			isa = PBXGroup;
			children = (
				C57AD0A51AD7EDB800B6042A /* Info.plist */,
				C57AD0A61AD7EDB800B6042A /* main.m */,
			);
			name = "Supporting Files";
			sourceTree = "<group>";
		};
		C57AD0BD1AD7EDB800B6042A /* waveTests */ = {
			isa = PBXGroup;
			children = (
				C57AD0C01AD7EDB800B6042A /* waveTests.m */,
				C57AD0BE1AD7EDB800B6042A /* Supporting Files */,
			);
			path = waveTests;
			sourceTree = "<group>";
		};
		C57AD0BE1AD7EDB800B6042A /* Supporting Files */ = {
			isa = PBXGroup;
			children = (
				C57AD0BF1AD7EDB800B6042A /* Info.plist */,
			);
			name = "Supporting Files";
			sourceTree = "<group>";
		};
		C5896A6A1AE133FC00EFCE2D /* feed */ = {
			isa = PBXGroup;
			children = (
				C5896A6B1AE1342E00EFCE2D /* FeedInterface.h */,
				C5896A751AE15F3700EFCE2D /* AbstractFeedViewController.h */,
				C5896A761AE15F3700EFCE2D /* AbstractFeedViewController.m */,
				F1E127A41AFE8983000E3F2C /* activity */,
				F1E127A51AFE8994000E3F2C /* pinned */,
			);
			name = feed;
			path = ..;
			sourceTree = "<group>";
		};
		C5A27B7F1ADD592E00968033 /* SlideMenu */ = {
			isa = PBXGroup;
			children = (
				F1E127A71AFE8B98000E3F2C /* drawer */,
				C5A27B801ADD594600968033 /* SlideMenuViewController.h */,
				C5A27B811ADD594600968033 /* SlideMenuViewController.m */,
				C5A27B861ADD5ADF00968033 /* MainViewController.h */,
				C5A27B871ADD5ADF00968033 /* MainViewController.m */,
				C5A27BA81ADE78BF00968033 /* SlideMenuNavigationViewController.h */,
				C5A27BA91ADE78BF00968033 /* SlideMenuNavigationViewController.m */,
			);
			name = SlideMenu;
			path = ..;
			sourceTree = "<group>";
		};
		F1BD62271AED9EBC00BDE1CA /* bucket */ = {
			isa = PBXGroup;
			children = (
				F1BD62281AED9EDB00BDE1CA /* BucketViewController.h */,
				F1BD62291AED9EDB00BDE1CA /* BucketViewController.m */,
				F1E127BB1B0018FB000E3F2C /* BucketView.h */,
				F1E127BC1B0018FB000E3F2C /* BucketView.m */,
				F1BD622B1AEDBC8C00BDE1CA /* PeekViewController.h */,
				F1BD622C1AEDBC8C00BDE1CA /* PeekViewController.m */,
				F1E127A81AFED2E7000E3F2C /* DropView.h */,
				F1E127A91AFED2E7000E3F2C /* DropView.m */,
				F1E127A61AFE89BD000E3F2C /* chat */,
			);
			name = bucket;
			path = ..;
			sourceTree = "<group>";
		};
		F1D9AB451AF5A026005BFE2C /* pictureEdit (temporary) */ = {
			isa = PBXGroup;
			children = (
				F1D9AB461AF5A048005BFE2C /* EditImageViewController.h */,
				F1D9AB471AF5A048005BFE2C /* EditImageViewController.m */,
				F1DBB5791B14E38D0097F709 /* TestBoxViewController.h */,
				F1DBB57A1B14E38D0097F709 /* TestBoxViewController.m */,
				F1DBB57C1B14E3D70097F709 /* ImageEditorView.h */,
				F1DBB57D1B14E3D70097F709 /* ImageEditorView.m */,
				F1DBB5821B1501330097F709 /* CaptionTextField.h */,
				F1DBB5831B1501340097F709 /* CaptionTextField.m */,
			);
			name = "pictureEdit (temporary)";
			sourceTree = "<group>";
		};
		F1DBB54C1B0FCB7E0097F709 /* profile */ = {
			isa = PBXGroup;
			children = (
				F1DBB54D1B0FCC0C0097F709 /* ProfileViewController.h */,
				F1DBB54E1B0FCC0C0097F709 /* ProfileViewController.m */,
			);
			name = profile;
			sourceTree = "<group>";
		};
		F1DBB5501B0FD39B0097F709 /* settings */ = {
			isa = PBXGroup;
			children = (
				F1DBB5671B0FED430097F709 /* NavigationViewController.m */,
				F1DBB5681B0FED430097F709 /* NavigationViewController.h */,
				F1DBB5511B0FD46F0097F709 /* ServerTableViewController.h */,
				F1DBB5521B0FD46F0097F709 /* ServerTableViewController.m */,
				F1DBB5531B0FD46F0097F709 /* SettingsTableViewCell.h */,
				F1DBB5541B0FD46F0097F709 /* SettingsTableViewCell.m */,
				F1DBB5551B0FD46F0097F709 /* SettingsTableViewController.h */,
				F1DBB5561B0FD46F0097F709 /* SettingsTableViewController.m */,
				F1DBB5571B0FD46F0097F709 /* SuperSettingsTableViewController.h */,
				F1DBB5581B0FD46F0097F709 /* SuperSettingsTableViewController.m */,
				F1DBB5591B0FD46F0097F709 /* ChangePasswordTableViewController.h */,
				F1DBB55A1B0FD46F0097F709 /* ChangePasswordTableViewController.m */,
				F1DBB55B1B0FD46F0097F709 /* EditProfileTableViewController.h */,
				F1DBB55C1B0FD46F0097F709 /* EditProfileTableViewController.m */,
				F1DBB55D1B0FD46F0097F709 /* ProfilePictureViewController.h */,
				F1DBB55E1B0FD46F0097F709 /* ProfilePictureViewController.m */,
			);
			name = settings;
			sourceTree = "<group>";
		};
		F1E127A11AFE7FD0000E3F2C /* overlay */ = {
			isa = PBXGroup;
			children = (
				C5576B2F1ADBC195009C1D5E /* OverlayViewController.h */,
				C5576B301ADBC195009C1D5E /* OverlayViewController.m */,
				C5576B291ADBC195009C1D5E /* AvailabilityViewController.h */,
				C5576B2A1ADBC195009C1D5E /* AvailabilityViewController.m */,
				C5D4736A1AE63F610097E44F /* FilterViewController.h */,
				C5D4736B1AE63F610097E44F /* FilterViewController.m */,
			);
			name = overlay;
			sourceTree = "<group>";
		};
		F1E127A21AFE8244000E3F2C /* modules */ = {
			isa = PBXGroup;
			children = (
				C55FE9081AD81F45007663FB /* SuperButton.h */,
				C55FE9091AD81F45007663FB /* SuperButton.m */,
				C5D473BD1AFD0BB70097E44F /* CircleIndicatorView.h */,
				C5D473BE1AFD0BB70097E44F /* CircleIndicatorView.m */,
				C5576B581ADBE77E009C1D5E /* Navigationbar.h */,
				C5576B591ADBE77E009C1D5E /* Navigationbar.m */,
				C5D4736F1AE66D820097E44F /* PartialTransparentView.h */,
				C5D473701AE66D820097E44F /* PartialTransparentView.m */,
				C5D473881AE79C590097E44F /* InfoViewController.m */,
				F1BD621A1AE460D400BDE1CA /* Carousel.h */,
				F1BD621B1AE460D400BDE1CA /* Carousel.m */,
				F1E127B61AFFD190000E3F2C /* ProgressView.h */,
				F1E127B71AFFD191000E3F2C /* ProgressView.m */,
				C5FF1E531B04F1510081BEDD /* InfoView.h */,
				C5FF1E541B04F1510081BEDD /* InfoView.m */,
				F1DBB56A1B12ABBF0097F709 /* PeekViewModule.h */,
				F1DBB56B1B12ABBF0097F709 /* PeekViewModule.m */,
			);
			name = modules;
			sourceTree = "<group>";
		};
		F1E127A31AFE8915000E3F2C /* carousel */ = {
			isa = PBXGroup;
			children = (
				F1DBB54C1B0FCB7E0097F709 /* profile */,
				C5A27B9F1ADE626800968033 /* CarouselViewController.h */,
				C5A27BA01ADE626800968033 /* CarouselViewController.m */,
				C5896A6A1AE133FC00EFCE2D /* feed */,
			);
			name = carousel;
			sourceTree = "<group>";
		};
		F1E127A41AFE8983000E3F2C /* activity */ = {
			isa = PBXGroup;
			children = (
				C5896A781AE15F4200EFCE2D /* ActivityViewController.h */,
				C5896A791AE15F4200EFCE2D /* ActivityViewController.m */,
				F1BD621D1AE46EFC00BDE1CA /* ActivityTableViewCell.h */,
				F1BD621E1AE46EFC00BDE1CA /* ActivityTableViewCell.m */,
			);
			name = activity;
			sourceTree = "<group>";
		};
		F1E127A51AFE8994000E3F2C /* pinned */ = {
			isa = PBXGroup;
			children = (
				C5D473901AF3B5310097E44F /* PinnedViewController.h */,
				C5D473911AF3B5310097E44F /* PinnedViewController.m */,
			);
			name = pinned;
			sourceTree = "<group>";
		};
		F1E127A61AFE89BD000E3F2C /* chat */ = {
			isa = PBXGroup;
			children = (
				C5D473A31AFA0E0D0097E44F /* ChatTableView.h */,
				C5D473A41AFA0E0D0097E44F /* ChatTableView.m */,
				F1BD622E1AF057D100BDE1CA /* ChatViewController.h */,
				F1BD622F1AF057D100BDE1CA /* ChatViewController.m */,
				F1BD62311AF0588000BDE1CA /* ChatTableViewCell.h */,
				F1BD62321AF0588000BDE1CA /* ChatTableViewCell.m */,
				F1BD62341AF05C0C00BDE1CA /* ChatMessageLabel.h */,
				F1BD62351AF05C0C00BDE1CA /* ChatMessageLabel.m */,
			);
			name = chat;
			sourceTree = "<group>";
		};
		F1E127A71AFE8B98000E3F2C /* drawer */ = {
			isa = PBXGroup;
			children = (
				C5A27B831ADD5AC700968033 /* DrawerViewController.h */,
				C5A27B841ADD5AC700968033 /* DrawerViewController.m */,
				C5D473601AE50CA30097E44F /* MenuTableViewCell.h */,
				C5D473611AE50CA30097E44F /* MenuTableViewCell.m */,
			);
			name = drawer;
			sourceTree = "<group>";
		};
/* End PBXGroup section */

/* Begin PBXNativeTarget section */
		C57AD0A01AD7EDB800B6042A /* wave */ = {
			isa = PBXNativeTarget;
			buildConfigurationList = C57AD0C41AD7EDB800B6042A /* Build configuration list for PBXNativeTarget "wave" */;
			buildPhases = (
				C57AD09D1AD7EDB800B6042A /* Sources */,
				C57AD09E1AD7EDB800B6042A /* Frameworks */,
				C57AD09F1AD7EDB800B6042A /* Resources */,
			);
			buildRules = (
			);
			dependencies = (
			);
			name = wave;
			productName = wave;
			productReference = C57AD0A11AD7EDB800B6042A /* wave.app */;
			productType = "com.apple.product-type.application";
		};
		C57AD0B91AD7EDB800B6042A /* waveTests */ = {
			isa = PBXNativeTarget;
			buildConfigurationList = C57AD0C71AD7EDB800B6042A /* Build configuration list for PBXNativeTarget "waveTests" */;
			buildPhases = (
				C57AD0B61AD7EDB800B6042A /* Sources */,
				C57AD0B71AD7EDB800B6042A /* Frameworks */,
				C57AD0B81AD7EDB800B6042A /* Resources */,
			);
			buildRules = (
			);
			dependencies = (
				C57AD0BC1AD7EDB800B6042A /* PBXTargetDependency */,
			);
			name = waveTests;
			productName = waveTests;
			productReference = C57AD0BA1AD7EDB800B6042A /* waveTests.xctest */;
			productType = "com.apple.product-type.bundle.unit-test";
		};
/* End PBXNativeTarget section */

/* Begin PBXProject section */
		C57AD0991AD7EDB800B6042A /* Project object */ = {
			isa = PBXProject;
			attributes = {
				LastUpgradeCheck = 0620;
				ORGANIZATIONNAME = ddev;
				TargetAttributes = {
					C57AD0A01AD7EDB800B6042A = {
						CreatedOnToolsVersion = 6.2;
						DevelopmentTeam = G3J75RMARR;
					};
					C57AD0B91AD7EDB800B6042A = {
						CreatedOnToolsVersion = 6.2;
						TestTargetID = C57AD0A01AD7EDB800B6042A;
					};
				};
			};
			buildConfigurationList = C57AD09C1AD7EDB800B6042A /* Build configuration list for PBXProject "wave" */;
			compatibilityVersion = "Xcode 3.2";
			developmentRegion = English;
			hasScannedForEncodings = 0;
			knownRegions = (
				en,
				Base,
				nb,
			);
			mainGroup = C57AD0981AD7EDB800B6042A;
			productRefGroup = C57AD0A21AD7EDB800B6042A /* Products */;
			projectDirPath = "";
			projectRoot = "";
			targets = (
				C57AD0A01AD7EDB800B6042A /* wave */,
				C57AD0B91AD7EDB800B6042A /* waveTests */,
			);
		};
/* End PBXProject section */

/* Begin PBXResourcesBuildPhase section */
		C57AD09F1AD7EDB800B6042A /* Resources */ = {
			isa = PBXResourcesBuildPhase;
			buildActionMask = 2147483647;
			files = (
				C5FF1E501B04D7D00081BEDD /* reply-icon.png in Resources */,
				F1DBB54B1B0E4A080097F709 /* manatee.png in Resources */,
				F1BD62231AEC7FA300BDE1CA /* cross.png in Resources */,
				C5D473C41B0120F90097E44F /* refresh.png in Resources */,
				F1DBB56E1B12B6930097F709 /* dots-icon.png in Resources */,
				C5D473781AE69D500097E44F /* the-bar-x-v2.png in Resources */,
				C5FF1E591B05EB870081BEDD /* search-icon-white.png in Resources */,
				F1E127BF1B0023C0000E3F2C /* media-pause.png in Resources */,
				C5D473B01AFB67D80097E44F /* tick.png in Resources */,
				C5A27BA71ADE779500968033 /* feed-icon.png in Resources */,
				C5A27B9B1ADE52CC00968033 /* miranda-kerr.jpg in Resources */,
				C5576B451ADBD79A009C1D5E /* Localizable.strings in Resources */,
				C5FF1E571B05D37F0081BEDD /* arrow-up-icon.png in Resources */,
				C5D4738F1AF371E10097E44F /* ripples.png in Resources */,
				F1BD62211AEBB46F00BDE1CA /* 169.jpg in Resources */,
				C5A27B991ADE52CC00968033 /* test1.jpg in Resources */,
				C5D473801AE795890097E44F /* bucket-white.png in Resources */,
				C5A27BAC1ADEB5F100968033 /* menu.png in Resources */,
				C5D4738D1AF2BA8D0097E44F /* wave-logo.png in Resources */,
				C5D473641AE511730097E44F /* search-icon.png in Resources */,
				F1E127B51AFFCB1E000E3F2C /* download-icon.png in Resources */,
				C5D473821AE7992E0097E44F /* people-icon.png in Resources */,
				C5A27BA51ADE779500968033 /* events-icon.png in Resources */,
				C5576B421ADBC1FC009C1D5E /* camera-icon.png in Resources */,
				C5D473861AE79BC80097E44F /* the-bar-y-v2.png in Resources */,
				C5576B501ADBE0DB009C1D5E /* wz-monkey-bg.jpg in Resources */,
				F1DBB5861B1542880097F709 /* plus-simple.png in Resources */,
				C57AD0B01AD7EDB800B6042A /* Main.storyboard in Resources */,
				F1DBB5721B12C0C10097F709 /* manatee-white.png in Resources */,
				C57AD0B51AD7EDB800B6042A /* LaunchScreen.xib in Resources */,
				C5D4737E1AE6C6890097E44F /* slider-cross.png in Resources */,
				C5D473661AE56B540097E44F /* settings-icon.png in Resources */,
				C57AD0B21AD7EDB800B6042A /* Images.xcassets in Resources */,
				C5D473841AE799610097E44F /* people-icon-white.png in Resources */,
				C5FF1E521B04EECB0081BEDD /* arrow-down-icon.png in Resources */,
				F1DBB5701B12BAC50097F709 /* settings-icon-white.png in Resources */,
				C5D4736E1AE640260097E44F /* bucket.png in Resources */,
				C5D473B21AFBB7600097E44F /* triangle.png in Resources */,
				C5A27B511ADC014E00968033 /* cross-white.png in Resources */,
				C5D4739E1AF93A660097E44F /* drop.png in Resources */,
				F1E127BA1B00141E000E3F2C /* play.png in Resources */,
				C5D4737A1AE6C29F0097E44F /* cross-simple.png in Resources */,
				C5D473761AE699DE0097E44F /* the-bar.png in Resources */,
				C5A27BA61ADE779500968033 /* profile-icon.png in Resources */,
				C5D4739F1AF93A660097E44F /* eye.png in Resources */,
				C5A27B9A1ADE52CC00968033 /* test2.jpg in Resources */,
				F1D9AB4A1AF5A3E3005BFE2C /* RGB-colors.png in Resources */,
			);
			runOnlyForDeploymentPostprocessing = 0;
		};
		C57AD0B81AD7EDB800B6042A /* Resources */ = {
			isa = PBXResourcesBuildPhase;
			buildActionMask = 2147483647;
			files = (
			);
			runOnlyForDeploymentPostprocessing = 0;
		};
/* End PBXResourcesBuildPhase section */

/* Begin PBXSourcesBuildPhase section */
		C57AD09D1AD7EDB800B6042A /* Sources */ = {
			isa = PBXSourcesBuildPhase;
			buildActionMask = 2147483647;
			files = (
				C5576B391ADBC195009C1D5E /* UIHelper.m in Sources */,
				C5576B5A1ADBE77E009C1D5E /* Navigationbar.m in Sources */,
				C5896A7A1AE15F4200EFCE2D /* ActivityViewController.m in Sources */,
				C5A27B5F1ADD019900968033 /* SSKeychain.m in Sources */,
				C5D4739B1AF935580097E44F /* DropModel.m in Sources */,
				C5FF1E5C1B06223B0081BEDD /* SuperModel.m in Sources */,
				C5D473B51AFCCE790097E44F /* GraphicsHelper.m in Sources */,
				C5576B3C1ADBC195009C1D5E /* DefaultViewController.m in Sources */,
				C5A27B721ADD0BF500968033 /* RegisterController.m in Sources */,
				F1E127B31AFEE1BA000E3F2C /* SubscribeController.m in Sources */,
				C5D473621AE50CA30097E44F /* MenuTableViewCell.m in Sources */,
				C5576B3A1ADBC195009C1D5E /* AvailabilityViewController.m in Sources */,
				F1BD62261AEC871F00BDE1CA /* BucketTypeModel.m in Sources */,
				C5576B4B1ADBDA22009C1D5E /* StartViewController.m in Sources */,
				F1DBB5601B0FD46F0097F709 /* SettingsTableViewCell.m in Sources */,
				F1DBB5841B1501340097F709 /* CaptionTextField.m in Sources */,
				F1BD62331AF0588000BDE1CA /* ChatTableViewCell.m in Sources */,
				C5A27B6C1ADD01F200968033 /* ApplicationHelper.m in Sources */,
				C5A27B661ADD01C100968033 /* ParserHelper.m in Sources */,
				C5A27B7E1ADD265400968033 /* LoginController.m in Sources */,
				C5A27B751ADD0F4500968033 /* ResponseModel.m in Sources */,
				C57AD0AA1AD7EDB800B6042A /* AppDelegate.m in Sources */,
				F1DBB57E1B14E3D70097F709 /* ImageEditorView.m in Sources */,
				C5576B371ADBC195009C1D5E /* CameraHelper.m in Sources */,
				F1D9AB481AF5A048005BFE2C /* EditImageViewController.m in Sources */,
				F1BD621C1AE460D400BDE1CA /* Carousel.m in Sources */,
				C5576B381ADBC195009C1D5E /* ColorHelper.m in Sources */,
				C5D473891AE79C590097E44F /* InfoViewController.m in Sources */,
				C5A27B6F1ADD083300968033 /* ConfigHelper.m in Sources */,
				F1DBB54F1B0FCC0C0097F709 /* ProfileViewController.m in Sources */,
				F1BD62361AF05C0C00BDE1CA /* ChatMessageLabel.m in Sources */,
				C5D4736C1AE63F610097E44F /* FilterViewController.m in Sources */,
				C5576B541ADBE2C1009C1D5E /* RegisterViewController.m in Sources */,
				C5D473AB1AFA4BEB0097E44F /* BucketModel.m in Sources */,
				C5A27B851ADD5AC700968033 /* DrawerViewController.m in Sources */,
				C5896A771AE15F3700EFCE2D /* AbstractFeedViewController.m in Sources */,
				F1BD621F1AE46EFC00BDE1CA /* ActivityTableViewCell.m in Sources */,
				F1DBB5691B0FED430097F709 /* NavigationViewController.m in Sources */,
				C5576B3E1ADBC195009C1D5E /* SuperViewController.m in Sources */,
				C5D473981AF920080097E44F /* ConstraintHelper.m in Sources */,
				C5A27B881ADD5ADF00968033 /* MainViewController.m in Sources */,
				F1DBB5641B0FD46F0097F709 /* EditProfileTableViewController.m in Sources */,
				F1DBB5621B0FD46F0097F709 /* SuperSettingsTableViewController.m in Sources */,
				F1DBB56C1B12ABBF0097F709 /* PeekViewModule.m in Sources */,
				C5576B3D1ADBC195009C1D5E /* OverlayViewController.m in Sources */,
				C5D473A81AFA4A800097E44F /* BucketController.m in Sources */,
				F1DBB5431B0D38030097F709 /* MediaModel.m in Sources */,
				F1DBB57B1B14E38D0097F709 /* TestBoxViewController.m in Sources */,
				F1E127AA1AFED2E7000E3F2C /* DropView.m in Sources */,
				C5D473BB1AFD05BB0097E44F /* MediaPlayerViewController.m in Sources */,
				C5A27B601ADD019900968033 /* SSKeychainQuery.m in Sources */,
				F1E127BD1B0018FB000E3F2C /* BucketView.m in Sources */,
				C57AD0A71AD7EDB800B6042A /* main.m in Sources */,
				C5A27B691ADD01D000968033 /* NotificationHelper.m in Sources */,
				F1E127AD1AFEDB5D000E3F2C /* DropController.m in Sources */,
				F1E127B01AFEE09F000E3F2C /* TagController.m in Sources */,
				C5D473BF1AFD0BB70097E44F /* CircleIndicatorView.m in Sources */,
				C5D473A51AFA0E0E0097E44F /* ChatTableView.m in Sources */,
				C5A27B821ADD594600968033 /* SlideMenuViewController.m in Sources */,
				F1BD622D1AEDBC8C00BDE1CA /* PeekViewController.m in Sources */,
				F1DBB5491B0E3E130097F709 /* FeedModel.m in Sources */,
				F1BD622A1AED9EDB00BDE1CA /* BucketViewController.m in Sources */,
				C5576B3B1ADBC195009C1D5E /* CameraViewController.m in Sources */,
				C5A27BAA1ADE78BF00968033 /* SlideMenuNavigationViewController.m in Sources */,
				F1DBB5631B0FD46F0097F709 /* ChangePasswordTableViewController.m in Sources */,
				C5D473AE1AFA5BB30097E44F /* MediaController.m in Sources */,
				C5FF1E551B04F1510081BEDD /* InfoView.m in Sources */,
				F1DBB55F1B0FD46F0097F709 /* ServerTableViewController.m in Sources */,
				C5A27B8B1ADD6DD500968033 /* NavigationControlViewController.m in Sources */,
				F1E127B81AFFD191000E3F2C /* ProgressView.m in Sources */,
				C5A27B5A1ADD002A00968033 /* ApplicationController.m in Sources */,
				C5576B4E1ADBDB14009C1D5E /* NavigationController.m in Sources */,
				C5576B571ADBE31A009C1D5E /* SuperLoginViewController.m in Sources */,
				C5D473921AF3B5310097E44F /* PinnedViewController.m in Sources */,
				F1DBB5651B0FD46F0097F709 /* ProfilePictureViewController.m in Sources */,
				C5A27B541ADC060000968033 /* TextFieldWrapper.m in Sources */,
				C5A27BA11ADE626800968033 /* CarouselViewController.m in Sources */,
				C5D473C21B010A440097E44F /* DataHelper.m in Sources */,
				F1BD62301AF057D100BDE1CA /* ChatViewController.m in Sources */,
				C5A27B781ADD128100968033 /* UserModel.m in Sources */,
				C55FE90A1AD81F45007663FB /* SuperButton.m in Sources */,
				F1DBB5611B0FD46F0097F709 /* SettingsTableViewController.m in Sources */,
				C5D473711AE66D820097E44F /* PartialTransparentView.m in Sources */,
				C5A27B631ADD01AE00968033 /* AuthHelper.m in Sources */,
				C5A27B7B1ADD1DEB00968033 /* LoginViewController.m in Sources */,
			);
			runOnlyForDeploymentPostprocessing = 0;
		};
		C57AD0B61AD7EDB800B6042A /* Sources */ = {
			isa = PBXSourcesBuildPhase;
			buildActionMask = 2147483647;
			files = (
				C57AD0C11AD7EDB800B6042A /* waveTests.m in Sources */,
			);
			runOnlyForDeploymentPostprocessing = 0;
		};
/* End PBXSourcesBuildPhase section */

/* Begin PBXTargetDependency section */
		C57AD0BC1AD7EDB800B6042A /* PBXTargetDependency */ = {
			isa = PBXTargetDependency;
			target = C57AD0A01AD7EDB800B6042A /* wave */;
			targetProxy = C57AD0BB1AD7EDB800B6042A /* PBXContainerItemProxy */;
		};
/* End PBXTargetDependency section */

/* Begin PBXVariantGroup section */
		C5576B471ADBD79A009C1D5E /* Localizable.strings */ = {
			isa = PBXVariantGroup;
			children = (
				C5576B461ADBD79A009C1D5E /* Base */,
				C5576B481ADBD7D3009C1D5E /* nb */,
			);
			name = Localizable.strings;
			sourceTree = "<group>";
		};
		C57AD0AE1AD7EDB800B6042A /* Main.storyboard */ = {
			isa = PBXVariantGroup;
			children = (
				C57AD0AF1AD7EDB800B6042A /* Base */,
			);
			name = Main.storyboard;
			sourceTree = "<group>";
		};
		C57AD0B31AD7EDB800B6042A /* LaunchScreen.xib */ = {
			isa = PBXVariantGroup;
			children = (
				C57AD0B41AD7EDB800B6042A /* Base */,
			);
			name = LaunchScreen.xib;
			sourceTree = "<group>";
		};
/* End PBXVariantGroup section */

/* Begin XCBuildConfiguration section */
		C57AD0C21AD7EDB800B6042A /* Debug */ = {
			isa = XCBuildConfiguration;
			buildSettings = {
				ALWAYS_SEARCH_USER_PATHS = NO;
				CLANG_CXX_LANGUAGE_STANDARD = "gnu++0x";
				CLANG_CXX_LIBRARY = "libc++";
				CLANG_ENABLE_MODULES = YES;
				CLANG_ENABLE_OBJC_ARC = YES;
				CLANG_WARN_BOOL_CONVERSION = YES;
				CLANG_WARN_CONSTANT_CONVERSION = YES;
				CLANG_WARN_DIRECT_OBJC_ISA_USAGE = YES_ERROR;
				CLANG_WARN_EMPTY_BODY = YES;
				CLANG_WARN_ENUM_CONVERSION = YES;
				CLANG_WARN_INT_CONVERSION = YES;
				CLANG_WARN_OBJC_ROOT_CLASS = YES_ERROR;
				CLANG_WARN_UNREACHABLE_CODE = YES;
				CLANG_WARN__DUPLICATE_METHOD_MATCH = YES;
				"CODE_SIGN_IDENTITY[sdk=iphoneos*]" = "iPhone Developer";
				COPY_PHASE_STRIP = NO;
				ENABLE_STRICT_OBJC_MSGSEND = YES;
				GCC_C_LANGUAGE_STANDARD = gnu99;
				GCC_DYNAMIC_NO_PIC = NO;
				GCC_OPTIMIZATION_LEVEL = 0;
				GCC_PREPROCESSOR_DEFINITIONS = (
					"DEBUG=1",
					"$(inherited)",
				);
				GCC_SYMBOLS_PRIVATE_EXTERN = NO;
				GCC_WARN_64_TO_32_BIT_CONVERSION = YES;
				GCC_WARN_ABOUT_RETURN_TYPE = YES_ERROR;
				GCC_WARN_UNDECLARED_SELECTOR = YES;
				GCC_WARN_UNINITIALIZED_AUTOS = YES_AGGRESSIVE;
				GCC_WARN_UNUSED_FUNCTION = YES;
				GCC_WARN_UNUSED_VARIABLE = YES;
				IPHONEOS_DEPLOYMENT_TARGET = 8.2;
				MTL_ENABLE_DEBUG_INFO = YES;
				ONLY_ACTIVE_ARCH = YES;
				SDKROOT = iphoneos;
			};
			name = Debug;
		};
		C57AD0C31AD7EDB800B6042A /* Release */ = {
			isa = XCBuildConfiguration;
			buildSettings = {
				ALWAYS_SEARCH_USER_PATHS = NO;
				CLANG_CXX_LANGUAGE_STANDARD = "gnu++0x";
				CLANG_CXX_LIBRARY = "libc++";
				CLANG_ENABLE_MODULES = YES;
				CLANG_ENABLE_OBJC_ARC = YES;
				CLANG_WARN_BOOL_CONVERSION = YES;
				CLANG_WARN_CONSTANT_CONVERSION = YES;
				CLANG_WARN_DIRECT_OBJC_ISA_USAGE = YES_ERROR;
				CLANG_WARN_EMPTY_BODY = YES;
				CLANG_WARN_ENUM_CONVERSION = YES;
				CLANG_WARN_INT_CONVERSION = YES;
				CLANG_WARN_OBJC_ROOT_CLASS = YES_ERROR;
				CLANG_WARN_UNREACHABLE_CODE = YES;
				CLANG_WARN__DUPLICATE_METHOD_MATCH = YES;
				"CODE_SIGN_IDENTITY[sdk=iphoneos*]" = "iPhone Developer";
				COPY_PHASE_STRIP = NO;
				ENABLE_NS_ASSERTIONS = NO;
				ENABLE_STRICT_OBJC_MSGSEND = YES;
				GCC_C_LANGUAGE_STANDARD = gnu99;
				GCC_WARN_64_TO_32_BIT_CONVERSION = YES;
				GCC_WARN_ABOUT_RETURN_TYPE = YES_ERROR;
				GCC_WARN_UNDECLARED_SELECTOR = YES;
				GCC_WARN_UNINITIALIZED_AUTOS = YES_AGGRESSIVE;
				GCC_WARN_UNUSED_FUNCTION = YES;
				GCC_WARN_UNUSED_VARIABLE = YES;
				IPHONEOS_DEPLOYMENT_TARGET = 8.2;
				MTL_ENABLE_DEBUG_INFO = NO;
				SDKROOT = iphoneos;
				VALIDATE_PRODUCT = YES;
			};
			name = Release;
		};
		C57AD0C51AD7EDB800B6042A /* Debug */ = {
			isa = XCBuildConfiguration;
			buildSettings = {
				ASSETCATALOG_COMPILER_APPICON_NAME = AppIcon;
				CODE_SIGN_IDENTITY = "iPhone Developer";
				"CODE_SIGN_IDENTITY[sdk=iphoneos*]" = "iPhone Developer";
				INFOPLIST_FILE = wave/Info.plist;
				IPHONEOS_DEPLOYMENT_TARGET = 8.0;
				LD_RUNPATH_SEARCH_PATHS = "$(inherited) @executable_path/Frameworks";
				PRODUCT_NAME = "$(TARGET_NAME)";
				PROVISIONING_PROFILE = "";
				TARGETED_DEVICE_FAMILY = 1;
			};
			name = Debug;
		};
		C57AD0C61AD7EDB800B6042A /* Release */ = {
			isa = XCBuildConfiguration;
			buildSettings = {
				ASSETCATALOG_COMPILER_APPICON_NAME = AppIcon;
				CODE_SIGN_IDENTITY = "iPhone Developer";
				"CODE_SIGN_IDENTITY[sdk=iphoneos*]" = "iPhone Developer";
				INFOPLIST_FILE = wave/Info.plist;
				IPHONEOS_DEPLOYMENT_TARGET = 8.0;
				LD_RUNPATH_SEARCH_PATHS = "$(inherited) @executable_path/Frameworks";
				PRODUCT_NAME = "$(TARGET_NAME)";
				PROVISIONING_PROFILE = "";
				TARGETED_DEVICE_FAMILY = 1;
			};
			name = Release;
		};
		C57AD0C81AD7EDB800B6042A /* Debug */ = {
			isa = XCBuildConfiguration;
			buildSettings = {
				BUNDLE_LOADER = "$(TEST_HOST)";
				FRAMEWORK_SEARCH_PATHS = (
					"$(SDKROOT)/Developer/Library/Frameworks",
					"$(inherited)",
				);
				GCC_PREPROCESSOR_DEFINITIONS = (
					"DEBUG=1",
					"$(inherited)",
				);
				INFOPLIST_FILE = waveTests/Info.plist;
				LD_RUNPATH_SEARCH_PATHS = "$(inherited) @executable_path/Frameworks @loader_path/Frameworks";
				PRODUCT_NAME = "$(TARGET_NAME)";
				TEST_HOST = "$(BUILT_PRODUCTS_DIR)/wave.app/wave";
			};
			name = Debug;
		};
		C57AD0C91AD7EDB800B6042A /* Release */ = {
			isa = XCBuildConfiguration;
			buildSettings = {
				BUNDLE_LOADER = "$(TEST_HOST)";
				FRAMEWORK_SEARCH_PATHS = (
					"$(SDKROOT)/Developer/Library/Frameworks",
					"$(inherited)",
				);
				INFOPLIST_FILE = waveTests/Info.plist;
				LD_RUNPATH_SEARCH_PATHS = "$(inherited) @executable_path/Frameworks @loader_path/Frameworks";
				PRODUCT_NAME = "$(TARGET_NAME)";
				TEST_HOST = "$(BUILT_PRODUCTS_DIR)/wave.app/wave";
			};
			name = Release;
		};
/* End XCBuildConfiguration section */

/* Begin XCConfigurationList section */
		C57AD09C1AD7EDB800B6042A /* Build configuration list for PBXProject "wave" */ = {
			isa = XCConfigurationList;
			buildConfigurations = (
				C57AD0C21AD7EDB800B6042A /* Debug */,
				C57AD0C31AD7EDB800B6042A /* Release */,
			);
			defaultConfigurationIsVisible = 0;
			defaultConfigurationName = Release;
		};
		C57AD0C41AD7EDB800B6042A /* Build configuration list for PBXNativeTarget "wave" */ = {
			isa = XCConfigurationList;
			buildConfigurations = (
				C57AD0C51AD7EDB800B6042A /* Debug */,
				C57AD0C61AD7EDB800B6042A /* Release */,
			);
			defaultConfigurationIsVisible = 0;
			defaultConfigurationName = Release;
		};
		C57AD0C71AD7EDB800B6042A /* Build configuration list for PBXNativeTarget "waveTests" */ = {
			isa = XCConfigurationList;
			buildConfigurations = (
				C57AD0C81AD7EDB800B6042A /* Debug */,
				C57AD0C91AD7EDB800B6042A /* Release */,
			);
			defaultConfigurationIsVisible = 0;
			defaultConfigurationName = Release;
		};
/* End XCConfigurationList section */
	};
	rootObject = C57AD0991AD7EDB800B6042A /* Project object */;
}
