// !$*UTF8*$!
{
	archiveVersion = 1;
	classes = {
	};
	objectVersion = 46;
	objects = {

/* Begin PBXBuildFile section */
		C5576B371ADBC195009C1D5E /* CameraHelper.m in Sources */ = {isa = PBXBuildFile; fileRef = C5576B201ADBC195009C1D5E /* CameraHelper.m */; };
		C5576B381ADBC195009C1D5E /* ColorHelper.m in Sources */ = {isa = PBXBuildFile; fileRef = C5576B221ADBC195009C1D5E /* ColorHelper.m */; };
		C5576B391ADBC195009C1D5E /* UIHelper.m in Sources */ = {isa = PBXBuildFile; fileRef = C5576B241ADBC195009C1D5E /* UIHelper.m */; };
		C5576B3A1ADBC195009C1D5E /* AvailabilityViewController.m in Sources */ = {isa = PBXBuildFile; fileRef = C5576B2A1ADBC195009C1D5E /* AvailabilityViewController.m */; };
		C5576B3B1ADBC195009C1D5E /* CameraViewController.m in Sources */ = {isa = PBXBuildFile; fileRef = C5576B2C1ADBC195009C1D5E /* CameraViewController.m */; };
		C5576B3C1ADBC195009C1D5E /* DefaultViewController.m in Sources */ = {isa = PBXBuildFile; fileRef = C5576B2E1ADBC195009C1D5E /* DefaultViewController.m */; };
		C5576B3D1ADBC195009C1D5E /* OverlayViewController.m in Sources */ = {isa = PBXBuildFile; fileRef = C5576B301ADBC195009C1D5E /* OverlayViewController.m */; };
		C5576B3E1ADBC195009C1D5E /* SuperViewController.m in Sources */ = {isa = PBXBuildFile; fileRef = C5576B321ADBC195009C1D5E /* SuperViewController.m */; };
		C5576B3F1ADBC195009C1D5E /* TestViewCoViewController.m in Sources */ = {isa = PBXBuildFile; fileRef = C5576B341ADBC195009C1D5E /* TestViewCoViewController.m */; };
		C5576B401ADBC195009C1D5E /* ViewController.m in Sources */ = {isa = PBXBuildFile; fileRef = C5576B361ADBC195009C1D5E /* ViewController.m */; };
		C5576B421ADBC1FC009C1D5E /* camera-icon.png in Resources */ = {isa = PBXBuildFile; fileRef = C5576B411ADBC1FC009C1D5E /* camera-icon.png */; };
		C5576B451ADBD79A009C1D5E /* Localizable.strings in Resources */ = {isa = PBXBuildFile; fileRef = C5576B471ADBD79A009C1D5E /* Localizable.strings */; };
		C5576B4B1ADBDA22009C1D5E /* StartViewController.m in Sources */ = {isa = PBXBuildFile; fileRef = C5576B4A1ADBDA22009C1D5E /* StartViewController.m */; };
		C5576B4E1ADBDB14009C1D5E /* NavigationController.m in Sources */ = {isa = PBXBuildFile; fileRef = C5576B4D1ADBDB14009C1D5E /* NavigationController.m */; };
		C5576B501ADBE0DB009C1D5E /* wz-monkey-bg.jpg in Resources */ = {isa = PBXBuildFile; fileRef = C5576B4F1ADBE0DB009C1D5E /* wz-monkey-bg.jpg */; };
		C5576B541ADBE2C1009C1D5E /* RegisterViewController.m in Sources */ = {isa = PBXBuildFile; fileRef = C5576B531ADBE2C1009C1D5E /* RegisterViewController.m */; };
		C5576B571ADBE31A009C1D5E /* SuperLoginViewController.m in Sources */ = {isa = PBXBuildFile; fileRef = C5576B561ADBE31A009C1D5E /* SuperLoginViewController.m */; };
		C5576B5A1ADBE77E009C1D5E /* Navigationbar.m in Sources */ = {isa = PBXBuildFile; fileRef = C5576B591ADBE77E009C1D5E /* Navigationbar.m */; };
		C55FE90A1AD81F45007663FB /* SuperButton.m in Sources */ = {isa = PBXBuildFile; fileRef = C55FE9091AD81F45007663FB /* SuperButton.m */; };
		C57AD0A71AD7EDB800B6042A /* main.m in Sources */ = {isa = PBXBuildFile; fileRef = C57AD0A61AD7EDB800B6042A /* main.m */; };
		C57AD0AA1AD7EDB800B6042A /* AppDelegate.m in Sources */ = {isa = PBXBuildFile; fileRef = C57AD0A91AD7EDB800B6042A /* AppDelegate.m */; };
		C57AD0B01AD7EDB800B6042A /* Main.storyboard in Resources */ = {isa = PBXBuildFile; fileRef = C57AD0AE1AD7EDB800B6042A /* Main.storyboard */; };
		C57AD0B21AD7EDB800B6042A /* Images.xcassets in Resources */ = {isa = PBXBuildFile; fileRef = C57AD0B11AD7EDB800B6042A /* Images.xcassets */; };
		C57AD0B51AD7EDB800B6042A /* LaunchScreen.xib in Resources */ = {isa = PBXBuildFile; fileRef = C57AD0B31AD7EDB800B6042A /* LaunchScreen.xib */; };
		C57AD0C11AD7EDB800B6042A /* waveTests.m in Sources */ = {isa = PBXBuildFile; fileRef = C57AD0C01AD7EDB800B6042A /* waveTests.m */; };
		C5A27B511ADC014E00968033 /* cross-white.png in Resources */ = {isa = PBXBuildFile; fileRef = C5A27B501ADC014E00968033 /* cross-white.png */; };
		C5A27B541ADC060000968033 /* TextFieldWrapper.m in Sources */ = {isa = PBXBuildFile; fileRef = C5A27B531ADC060000968033 /* TextFieldWrapper.m */; };
		C5A27B5A1ADD002A00968033 /* ApplicationController.m in Sources */ = {isa = PBXBuildFile; fileRef = C5A27B591ADD002A00968033 /* ApplicationController.m */; };
		C5A27B5F1ADD019900968033 /* SSKeychain.m in Sources */ = {isa = PBXBuildFile; fileRef = C5A27B5C1ADD019900968033 /* SSKeychain.m */; };
		C5A27B601ADD019900968033 /* SSKeychainQuery.m in Sources */ = {isa = PBXBuildFile; fileRef = C5A27B5E1ADD019900968033 /* SSKeychainQuery.m */; };
		C5A27B631ADD01AE00968033 /* AuthHelper.m in Sources */ = {isa = PBXBuildFile; fileRef = C5A27B621ADD01AE00968033 /* AuthHelper.m */; };
		C5A27B661ADD01C100968033 /* ParserHelper.m in Sources */ = {isa = PBXBuildFile; fileRef = C5A27B651ADD01C100968033 /* ParserHelper.m */; };
		C5A27B691ADD01D000968033 /* NotificationHelper.m in Sources */ = {isa = PBXBuildFile; fileRef = C5A27B681ADD01D000968033 /* NotificationHelper.m */; };
		C5A27B6C1ADD01F200968033 /* ApplicationHelper.m in Sources */ = {isa = PBXBuildFile; fileRef = C5A27B6B1ADD01F200968033 /* ApplicationHelper.m */; };
		C5A27B6F1ADD083300968033 /* ConfigHelper.m in Sources */ = {isa = PBXBuildFile; fileRef = C5A27B6E1ADD083300968033 /* ConfigHelper.m */; };
		C5A27B721ADD0BF500968033 /* RegisterController.m in Sources */ = {isa = PBXBuildFile; fileRef = C5A27B711ADD0BF500968033 /* RegisterController.m */; };
		C5A27B751ADD0F4500968033 /* ResponseModel.m in Sources */ = {isa = PBXBuildFile; fileRef = C5A27B741ADD0F4500968033 /* ResponseModel.m */; };
		C5A27B781ADD128100968033 /* UserModel.m in Sources */ = {isa = PBXBuildFile; fileRef = C5A27B771ADD128100968033 /* UserModel.m */; };
/* End PBXBuildFile section */

/* Begin PBXContainerItemProxy section */
		C57AD0BB1AD7EDB800B6042A /* PBXContainerItemProxy */ = {
			isa = PBXContainerItemProxy;
			containerPortal = C57AD0991AD7EDB800B6042A /* Project object */;
			proxyType = 1;
			remoteGlobalIDString = C57AD0A01AD7EDB800B6042A;
			remoteInfo = wave;
		};
/* End PBXContainerItemProxy section */

/* Begin PBXFileReference section */
		C5576B1F1ADBC195009C1D5E /* CameraHelper.h */ = {isa = PBXFileReference; fileEncoding = 4; lastKnownFileType = sourcecode.c.h; path = CameraHelper.h; sourceTree = "<group>"; };
		C5576B201ADBC195009C1D5E /* CameraHelper.m */ = {isa = PBXFileReference; fileEncoding = 4; lastKnownFileType = sourcecode.c.objc; path = CameraHelper.m; sourceTree = "<group>"; };
		C5576B211ADBC195009C1D5E /* ColorHelper.h */ = {isa = PBXFileReference; fileEncoding = 4; lastKnownFileType = sourcecode.c.h; path = ColorHelper.h; sourceTree = "<group>"; };
		C5576B221ADBC195009C1D5E /* ColorHelper.m */ = {isa = PBXFileReference; fileEncoding = 4; lastKnownFileType = sourcecode.c.objc; path = ColorHelper.m; sourceTree = "<group>"; };
		C5576B231ADBC195009C1D5E /* UIHelper.h */ = {isa = PBXFileReference; fileEncoding = 4; lastKnownFileType = sourcecode.c.h; path = UIHelper.h; sourceTree = "<group>"; };
		C5576B241ADBC195009C1D5E /* UIHelper.m */ = {isa = PBXFileReference; fileEncoding = 4; lastKnownFileType = sourcecode.c.objc; path = UIHelper.m; sourceTree = "<group>"; };
		C5576B291ADBC195009C1D5E /* AvailabilityViewController.h */ = {isa = PBXFileReference; fileEncoding = 4; lastKnownFileType = sourcecode.c.h; path = AvailabilityViewController.h; sourceTree = "<group>"; };
		C5576B2A1ADBC195009C1D5E /* AvailabilityViewController.m */ = {isa = PBXFileReference; fileEncoding = 4; lastKnownFileType = sourcecode.c.objc; path = AvailabilityViewController.m; sourceTree = "<group>"; };
		C5576B2B1ADBC195009C1D5E /* CameraViewController.h */ = {isa = PBXFileReference; fileEncoding = 4; lastKnownFileType = sourcecode.c.h; path = CameraViewController.h; sourceTree = "<group>"; };
		C5576B2C1ADBC195009C1D5E /* CameraViewController.m */ = {isa = PBXFileReference; fileEncoding = 4; lastKnownFileType = sourcecode.c.objc; path = CameraViewController.m; sourceTree = "<group>"; };
		C5576B2D1ADBC195009C1D5E /* DefaultViewController.h */ = {isa = PBXFileReference; fileEncoding = 4; lastKnownFileType = sourcecode.c.h; path = DefaultViewController.h; sourceTree = "<group>"; };
		C5576B2E1ADBC195009C1D5E /* DefaultViewController.m */ = {isa = PBXFileReference; fileEncoding = 4; lastKnownFileType = sourcecode.c.objc; path = DefaultViewController.m; sourceTree = "<group>"; };
		C5576B2F1ADBC195009C1D5E /* OverlayViewController.h */ = {isa = PBXFileReference; fileEncoding = 4; lastKnownFileType = sourcecode.c.h; path = OverlayViewController.h; sourceTree = "<group>"; };
		C5576B301ADBC195009C1D5E /* OverlayViewController.m */ = {isa = PBXFileReference; fileEncoding = 4; lastKnownFileType = sourcecode.c.objc; path = OverlayViewController.m; sourceTree = "<group>"; };
		C5576B311ADBC195009C1D5E /* SuperViewController.h */ = {isa = PBXFileReference; fileEncoding = 4; lastKnownFileType = sourcecode.c.h; path = SuperViewController.h; sourceTree = "<group>"; };
		C5576B321ADBC195009C1D5E /* SuperViewController.m */ = {isa = PBXFileReference; fileEncoding = 4; lastKnownFileType = sourcecode.c.objc; path = SuperViewController.m; sourceTree = "<group>"; };
		C5576B331ADBC195009C1D5E /* TestViewCoViewController.h */ = {isa = PBXFileReference; fileEncoding = 4; lastKnownFileType = sourcecode.c.h; path = TestViewCoViewController.h; sourceTree = "<group>"; };
		C5576B341ADBC195009C1D5E /* TestViewCoViewController.m */ = {isa = PBXFileReference; fileEncoding = 4; lastKnownFileType = sourcecode.c.objc; path = TestViewCoViewController.m; sourceTree = "<group>"; };
		C5576B351ADBC195009C1D5E /* ViewController.h */ = {isa = PBXFileReference; fileEncoding = 4; lastKnownFileType = sourcecode.c.h; path = ViewController.h; sourceTree = "<group>"; };
		C5576B361ADBC195009C1D5E /* ViewController.m */ = {isa = PBXFileReference; fileEncoding = 4; lastKnownFileType = sourcecode.c.objc; path = ViewController.m; sourceTree = "<group>"; };
		C5576B411ADBC1FC009C1D5E /* camera-icon.png */ = {isa = PBXFileReference; lastKnownFileType = image.png; path = "camera-icon.png"; sourceTree = "<group>"; };
		C5576B461ADBD79A009C1D5E /* Base */ = {isa = PBXFileReference; lastKnownFileType = text.plist.strings; name = Base; path = Base.lproj/Localizable.strings; sourceTree = "<group>"; };
		C5576B481ADBD7D3009C1D5E /* nb */ = {isa = PBXFileReference; lastKnownFileType = text.plist.strings; name = nb; path = nb.lproj/Localizable.strings; sourceTree = "<group>"; };
		C5576B491ADBDA22009C1D5E /* StartViewController.h */ = {isa = PBXFileReference; fileEncoding = 4; lastKnownFileType = sourcecode.c.h; path = StartViewController.h; sourceTree = "<group>"; };
		C5576B4A1ADBDA22009C1D5E /* StartViewController.m */ = {isa = PBXFileReference; fileEncoding = 4; lastKnownFileType = sourcecode.c.objc; path = StartViewController.m; sourceTree = "<group>"; };
		C5576B4C1ADBDB14009C1D5E /* NavigationController.h */ = {isa = PBXFileReference; fileEncoding = 4; lastKnownFileType = sourcecode.c.h; path = NavigationController.h; sourceTree = "<group>"; };
		C5576B4D1ADBDB14009C1D5E /* NavigationController.m */ = {isa = PBXFileReference; fileEncoding = 4; lastKnownFileType = sourcecode.c.objc; path = NavigationController.m; sourceTree = "<group>"; };
		C5576B4F1ADBE0DB009C1D5E /* wz-monkey-bg.jpg */ = {isa = PBXFileReference; lastKnownFileType = image.jpeg; path = "wz-monkey-bg.jpg"; sourceTree = "<group>"; };
		C5576B521ADBE2C1009C1D5E /* RegisterViewController.h */ = {isa = PBXFileReference; fileEncoding = 4; lastKnownFileType = sourcecode.c.h; path = RegisterViewController.h; sourceTree = "<group>"; };
		C5576B531ADBE2C1009C1D5E /* RegisterViewController.m */ = {isa = PBXFileReference; fileEncoding = 4; lastKnownFileType = sourcecode.c.objc; path = RegisterViewController.m; sourceTree = "<group>"; };
		C5576B551ADBE31A009C1D5E /* SuperLoginViewController.h */ = {isa = PBXFileReference; fileEncoding = 4; lastKnownFileType = sourcecode.c.h; path = SuperLoginViewController.h; sourceTree = "<group>"; };
		C5576B561ADBE31A009C1D5E /* SuperLoginViewController.m */ = {isa = PBXFileReference; fileEncoding = 4; lastKnownFileType = sourcecode.c.objc; path = SuperLoginViewController.m; sourceTree = "<group>"; };
		C5576B581ADBE77E009C1D5E /* Navigationbar.h */ = {isa = PBXFileReference; fileEncoding = 4; lastKnownFileType = sourcecode.c.h; path = Navigationbar.h; sourceTree = "<group>"; };
		C5576B591ADBE77E009C1D5E /* Navigationbar.m */ = {isa = PBXFileReference; fileEncoding = 4; lastKnownFileType = sourcecode.c.objc; path = Navigationbar.m; sourceTree = "<group>"; };
		C55FE9081AD81F45007663FB /* SuperButton.h */ = {isa = PBXFileReference; fileEncoding = 4; lastKnownFileType = sourcecode.c.h; path = SuperButton.h; sourceTree = "<group>"; };
		C55FE9091AD81F45007663FB /* SuperButton.m */ = {isa = PBXFileReference; fileEncoding = 4; lastKnownFileType = sourcecode.c.objc; path = SuperButton.m; sourceTree = "<group>"; };
		C57AD0A11AD7EDB800B6042A /* wave.app */ = {isa = PBXFileReference; explicitFileType = wrapper.application; includeInIndex = 0; path = wave.app; sourceTree = BUILT_PRODUCTS_DIR; };
		C57AD0A51AD7EDB800B6042A /* Info.plist */ = {isa = PBXFileReference; lastKnownFileType = text.plist.xml; path = Info.plist; sourceTree = "<group>"; };
		C57AD0A61AD7EDB800B6042A /* main.m */ = {isa = PBXFileReference; lastKnownFileType = sourcecode.c.objc; path = main.m; sourceTree = "<group>"; };
		C57AD0A81AD7EDB800B6042A /* AppDelegate.h */ = {isa = PBXFileReference; lastKnownFileType = sourcecode.c.h; path = AppDelegate.h; sourceTree = "<group>"; };
		C57AD0A91AD7EDB800B6042A /* AppDelegate.m */ = {isa = PBXFileReference; lastKnownFileType = sourcecode.c.objc; path = AppDelegate.m; sourceTree = "<group>"; };
		C57AD0AF1AD7EDB800B6042A /* Base */ = {isa = PBXFileReference; lastKnownFileType = file.storyboard; name = Base; path = Base.lproj/Main.storyboard; sourceTree = "<group>"; };
		C57AD0B11AD7EDB800B6042A /* Images.xcassets */ = {isa = PBXFileReference; lastKnownFileType = folder.assetcatalog; path = Images.xcassets; sourceTree = "<group>"; };
		C57AD0B41AD7EDB800B6042A /* Base */ = {isa = PBXFileReference; lastKnownFileType = file.xib; name = Base; path = Base.lproj/LaunchScreen.xib; sourceTree = "<group>"; };
		C57AD0BA1AD7EDB800B6042A /* waveTests.xctest */ = {isa = PBXFileReference; explicitFileType = wrapper.cfbundle; includeInIndex = 0; path = waveTests.xctest; sourceTree = BUILT_PRODUCTS_DIR; };
		C57AD0BF1AD7EDB800B6042A /* Info.plist */ = {isa = PBXFileReference; lastKnownFileType = text.plist.xml; path = Info.plist; sourceTree = "<group>"; };
		C57AD0C01AD7EDB800B6042A /* waveTests.m */ = {isa = PBXFileReference; lastKnownFileType = sourcecode.c.objc; path = waveTests.m; sourceTree = "<group>"; };
		C5A27B501ADC014E00968033 /* cross-white.png */ = {isa = PBXFileReference; lastKnownFileType = image.png; path = "cross-white.png"; sourceTree = "<group>"; };
		C5A27B521ADC060000968033 /* TextFieldWrapper.h */ = {isa = PBXFileReference; fileEncoding = 4; lastKnownFileType = sourcecode.c.h; path = TextFieldWrapper.h; sourceTree = "<group>"; };
		C5A27B531ADC060000968033 /* TextFieldWrapper.m */ = {isa = PBXFileReference; fileEncoding = 4; lastKnownFileType = sourcecode.c.objc; path = TextFieldWrapper.m; sourceTree = "<group>"; };
		C5A27B581ADD002A00968033 /* ApplicationController.h */ = {isa = PBXFileReference; fileEncoding = 4; lastKnownFileType = sourcecode.c.h; path = ApplicationController.h; sourceTree = "<group>"; };
		C5A27B591ADD002A00968033 /* ApplicationController.m */ = {isa = PBXFileReference; fileEncoding = 4; lastKnownFileType = sourcecode.c.objc; path = ApplicationController.m; sourceTree = "<group>"; };
		C5A27B5B1ADD019900968033 /* SSKeychain.h */ = {isa = PBXFileReference; fileEncoding = 4; lastKnownFileType = sourcecode.c.h; path = SSKeychain.h; sourceTree = "<group>"; };
		C5A27B5C1ADD019900968033 /* SSKeychain.m */ = {isa = PBXFileReference; fileEncoding = 4; lastKnownFileType = sourcecode.c.objc; path = SSKeychain.m; sourceTree = "<group>"; };
		C5A27B5D1ADD019900968033 /* SSKeychainQuery.h */ = {isa = PBXFileReference; fileEncoding = 4; lastKnownFileType = sourcecode.c.h; path = SSKeychainQuery.h; sourceTree = "<group>"; };
		C5A27B5E1ADD019900968033 /* SSKeychainQuery.m */ = {isa = PBXFileReference; fileEncoding = 4; lastKnownFileType = sourcecode.c.objc; path = SSKeychainQuery.m; sourceTree = "<group>"; };
		C5A27B611ADD01AE00968033 /* AuthHelper.h */ = {isa = PBXFileReference; fileEncoding = 4; lastKnownFileType = sourcecode.c.h; path = AuthHelper.h; sourceTree = "<group>"; };
		C5A27B621ADD01AE00968033 /* AuthHelper.m */ = {isa = PBXFileReference; fileEncoding = 4; lastKnownFileType = sourcecode.c.objc; path = AuthHelper.m; sourceTree = "<group>"; };
		C5A27B641ADD01C100968033 /* ParserHelper.h */ = {isa = PBXFileReference; fileEncoding = 4; lastKnownFileType = sourcecode.c.h; path = ParserHelper.h; sourceTree = "<group>"; };
		C5A27B651ADD01C100968033 /* ParserHelper.m */ = {isa = PBXFileReference; fileEncoding = 4; lastKnownFileType = sourcecode.c.objc; path = ParserHelper.m; sourceTree = "<group>"; };
		C5A27B671ADD01D000968033 /* NotificationHelper.h */ = {isa = PBXFileReference; fileEncoding = 4; lastKnownFileType = sourcecode.c.h; path = NotificationHelper.h; sourceTree = "<group>"; };
		C5A27B681ADD01D000968033 /* NotificationHelper.m */ = {isa = PBXFileReference; fileEncoding = 4; lastKnownFileType = sourcecode.c.objc; path = NotificationHelper.m; sourceTree = "<group>"; };
		C5A27B6A1ADD01F200968033 /* ApplicationHelper.h */ = {isa = PBXFileReference; fileEncoding = 4; lastKnownFileType = sourcecode.c.h; path = ApplicationHelper.h; sourceTree = "<group>"; };
		C5A27B6B1ADD01F200968033 /* ApplicationHelper.m */ = {isa = PBXFileReference; fileEncoding = 4; lastKnownFileType = sourcecode.c.objc; path = ApplicationHelper.m; sourceTree = "<group>"; };
		C5A27B6D1ADD083300968033 /* ConfigHelper.h */ = {isa = PBXFileReference; fileEncoding = 4; lastKnownFileType = sourcecode.c.h; path = ConfigHelper.h; sourceTree = "<group>"; };
		C5A27B6E1ADD083300968033 /* ConfigHelper.m */ = {isa = PBXFileReference; fileEncoding = 4; lastKnownFileType = sourcecode.c.objc; path = ConfigHelper.m; sourceTree = "<group>"; };
		C5A27B701ADD0BF500968033 /* RegisterController.h */ = {isa = PBXFileReference; fileEncoding = 4; lastKnownFileType = sourcecode.c.h; path = RegisterController.h; sourceTree = "<group>"; };
		C5A27B711ADD0BF500968033 /* RegisterController.m */ = {isa = PBXFileReference; fileEncoding = 4; lastKnownFileType = sourcecode.c.objc; path = RegisterController.m; sourceTree = "<group>"; };
		C5A27B731ADD0F4500968033 /* ResponseModel.h */ = {isa = PBXFileReference; fileEncoding = 4; lastKnownFileType = sourcecode.c.h; path = ResponseModel.h; sourceTree = "<group>"; };
		C5A27B741ADD0F4500968033 /* ResponseModel.m */ = {isa = PBXFileReference; fileEncoding = 4; lastKnownFileType = sourcecode.c.objc; path = ResponseModel.m; sourceTree = "<group>"; };
		C5A27B761ADD128100968033 /* UserModel.h */ = {isa = PBXFileReference; fileEncoding = 4; lastKnownFileType = sourcecode.c.h; path = UserModel.h; sourceTree = "<group>"; };
		C5A27B771ADD128100968033 /* UserModel.m */ = {isa = PBXFileReference; fileEncoding = 4; lastKnownFileType = sourcecode.c.objc; path = UserModel.m; sourceTree = "<group>"; };
/* End PBXFileReference section */

/* Begin PBXFrameworksBuildPhase section */
		C57AD09E1AD7EDB800B6042A /* Frameworks */ = {
			isa = PBXFrameworksBuildPhase;
			buildActionMask = 2147483647;
			files = (
			);
			runOnlyForDeploymentPostprocessing = 0;
		};
		C57AD0B71AD7EDB800B6042A /* Frameworks */ = {
			isa = PBXFrameworksBuildPhase;
			buildActionMask = 2147483647;
			files = (
			);
			runOnlyForDeploymentPostprocessing = 0;
		};
/* End PBXFrameworksBuildPhase section */

/* Begin PBXGroup section */
		C5576B1C1ADBC195009C1D5E /* app */ = {
			isa = PBXGroup;
			children = (
				C5576B1D1ADBC195009C1D5E /* controllers */,
				C5576B1E1ADBC195009C1D5E /* helpers */,
				C5576B251ADBC195009C1D5E /* lib */,
				C5576B261ADBC195009C1D5E /* models */,
				C5576B271ADBC195009C1D5E /* res */,
				C5576B281ADBC195009C1D5E /* views */,
				C5576B471ADBD79A009C1D5E /* Localizable.strings */,
			);
			path = app;
			sourceTree = "<group>";
		};
		C5576B1D1ADBC195009C1D5E /* controllers */ = {
			isa = PBXGroup;
			children = (
				C5A27B581ADD002A00968033 /* ApplicationController.h */,
				C5A27B591ADD002A00968033 /* ApplicationController.m */,
				C5A27B701ADD0BF500968033 /* RegisterController.h */,
				C5A27B711ADD0BF500968033 /* RegisterController.m */,
			);
			path = controllers;
			sourceTree = "<group>";
		};
		C5576B1E1ADBC195009C1D5E /* helpers */ = {
			isa = PBXGroup;
			children = (
				C5576B1F1ADBC195009C1D5E /* CameraHelper.h */,
				C5576B201ADBC195009C1D5E /* CameraHelper.m */,
				C5576B211ADBC195009C1D5E /* ColorHelper.h */,
				C5576B221ADBC195009C1D5E /* ColorHelper.m */,
				C5576B231ADBC195009C1D5E /* UIHelper.h */,
				C5576B241ADBC195009C1D5E /* UIHelper.m */,
				C5A27B611ADD01AE00968033 /* AuthHelper.h */,
				C5A27B621ADD01AE00968033 /* AuthHelper.m */,
				C5A27B641ADD01C100968033 /* ParserHelper.h */,
				C5A27B651ADD01C100968033 /* ParserHelper.m */,
				C5A27B671ADD01D000968033 /* NotificationHelper.h */,
				C5A27B681ADD01D000968033 /* NotificationHelper.m */,
				C5A27B6A1ADD01F200968033 /* ApplicationHelper.h */,
				C5A27B6B1ADD01F200968033 /* ApplicationHelper.m */,
				C5A27B6D1ADD083300968033 /* ConfigHelper.h */,
				C5A27B6E1ADD083300968033 /* ConfigHelper.m */,
			);
			path = helpers;
			sourceTree = "<group>";
		};
		C5576B251ADBC195009C1D5E /* lib */ = {
			isa = PBXGroup;
			children = (
				C5A27B5B1ADD019900968033 /* SSKeychain.h */,
				C5A27B5C1ADD019900968033 /* SSKeychain.m */,
				C5A27B5D1ADD019900968033 /* SSKeychainQuery.h */,
				C5A27B5E1ADD019900968033 /* SSKeychainQuery.m */,
			);
			path = lib;
			sourceTree = "<group>";
		};
		C5576B261ADBC195009C1D5E /* models */ = {
			isa = PBXGroup;
			children = (
				C5A27B521ADC060000968033 /* TextFieldWrapper.h */,
				C5A27B531ADC060000968033 /* TextFieldWrapper.m */,
				C5A27B731ADD0F4500968033 /* ResponseModel.h */,
				C5A27B741ADD0F4500968033 /* ResponseModel.m */,
				C5A27B761ADD128100968033 /* UserModel.h */,
				C5A27B771ADD128100968033 /* UserModel.m */,
			);
			path = models;
			sourceTree = "<group>";
		};
		C5576B271ADBC195009C1D5E /* res */ = {
			isa = PBXGroup;
			children = (
				C5576B4F1ADBE0DB009C1D5E /* wz-monkey-bg.jpg */,
				C5A27B501ADC014E00968033 /* cross-white.png */,
				C5576B411ADBC1FC009C1D5E /* camera-icon.png */,
			);
			path = res;
			sourceTree = "<group>";
		};
		C5576B281ADBC195009C1D5E /* views */ = {
			isa = PBXGroup;
			children = (
				C5576B511ADBE2A1009C1D5E /* login */,
				C5576B291ADBC195009C1D5E /* AvailabilityViewController.h */,
				C5576B2A1ADBC195009C1D5E /* AvailabilityViewController.m */,
				C5576B2B1ADBC195009C1D5E /* CameraViewController.h */,
				C5576B2C1ADBC195009C1D5E /* CameraViewController.m */,
				C5576B2D1ADBC195009C1D5E /* DefaultViewController.h */,
				C5576B2E1ADBC195009C1D5E /* DefaultViewController.m */,
				C5576B2F1ADBC195009C1D5E /* OverlayViewController.h */,
				C5576B301ADBC195009C1D5E /* OverlayViewController.m */,
				C5576B311ADBC195009C1D5E /* SuperViewController.h */,
				C5576B321ADBC195009C1D5E /* SuperViewController.m */,
				C5576B331ADBC195009C1D5E /* TestViewCoViewController.h */,
				C5576B341ADBC195009C1D5E /* TestViewCoViewController.m */,
				C5576B351ADBC195009C1D5E /* ViewController.h */,
				C5576B361ADBC195009C1D5E /* ViewController.m */,
				C5576B4C1ADBDB14009C1D5E /* NavigationController.h */,
				C5576B4D1ADBDB14009C1D5E /* NavigationController.m */,
				C5576B581ADBE77E009C1D5E /* Navigationbar.h */,
				C5576B591ADBE77E009C1D5E /* Navigationbar.m */,
			);
			path = views;
			sourceTree = "<group>";
		};
		C5576B511ADBE2A1009C1D5E /* login */ = {
			isa = PBXGroup;
			children = (
				C5576B491ADBDA22009C1D5E /* StartViewController.h */,
				C5576B4A1ADBDA22009C1D5E /* StartViewController.m */,
				C5576B521ADBE2C1009C1D5E /* RegisterViewController.h */,
				C5576B531ADBE2C1009C1D5E /* RegisterViewController.m */,
				C5576B551ADBE31A009C1D5E /* SuperLoginViewController.h */,
				C5576B561ADBE31A009C1D5E /* SuperLoginViewController.m */,
			);
			name = login;
			sourceTree = "<group>";
		};
		C57AD0981AD7EDB800B6042A = {
			isa = PBXGroup;
			children = (
				C55FE9081AD81F45007663FB /* SuperButton.h */,
				C55FE9091AD81F45007663FB /* SuperButton.m */,
				C57AD0A31AD7EDB800B6042A /* wave */,
				C57AD0BD1AD7EDB800B6042A /* waveTests */,
				C57AD0A21AD7EDB800B6042A /* Products */,
			);
			sourceTree = "<group>";
		};
		C57AD0A21AD7EDB800B6042A /* Products */ = {
			isa = PBXGroup;
			children = (
				C57AD0A11AD7EDB800B6042A /* wave.app */,
				C57AD0BA1AD7EDB800B6042A /* waveTests.xctest */,
			);
			name = Products;
			sourceTree = "<group>";
		};
		C57AD0A31AD7EDB800B6042A /* wave */ = {
			isa = PBXGroup;
			children = (
				C5576B1C1ADBC195009C1D5E /* app */,
				C57AD0A81AD7EDB800B6042A /* AppDelegate.h */,
				C57AD0A91AD7EDB800B6042A /* AppDelegate.m */,
				C57AD0AE1AD7EDB800B6042A /* Main.storyboard */,
				C57AD0B11AD7EDB800B6042A /* Images.xcassets */,
				C57AD0B31AD7EDB800B6042A /* LaunchScreen.xib */,
				C57AD0A41AD7EDB800B6042A /* Supporting Files */,
			);
			path = wave;
			sourceTree = "<group>";
		};
		C57AD0A41AD7EDB800B6042A /* Supporting Files */ = {
			isa = PBXGroup;
			children = (
				C57AD0A51AD7EDB800B6042A /* Info.plist */,
				C57AD0A61AD7EDB800B6042A /* main.m */,
			);
			name = "Supporting Files";
			sourceTree = "<group>";
		};
		C57AD0BD1AD7EDB800B6042A /* waveTests */ = {
			isa = PBXGroup;
			children = (
				C57AD0C01AD7EDB800B6042A /* waveTests.m */,
				C57AD0BE1AD7EDB800B6042A /* Supporting Files */,
			);
			path = waveTests;
			sourceTree = "<group>";
		};
		C57AD0BE1AD7EDB800B6042A /* Supporting Files */ = {
			isa = PBXGroup;
			children = (
				C57AD0BF1AD7EDB800B6042A /* Info.plist */,
			);
			name = "Supporting Files";
			sourceTree = "<group>";
		};
/* End PBXGroup section */

/* Begin PBXNativeTarget section */
		C57AD0A01AD7EDB800B6042A /* wave */ = {
			isa = PBXNativeTarget;
			buildConfigurationList = C57AD0C41AD7EDB800B6042A /* Build configuration list for PBXNativeTarget "wave" */;
			buildPhases = (
				C57AD09D1AD7EDB800B6042A /* Sources */,
				C57AD09E1AD7EDB800B6042A /* Frameworks */,
				C57AD09F1AD7EDB800B6042A /* Resources */,
			);
			buildRules = (
			);
			dependencies = (
			);
			name = wave;
			productName = wave;
			productReference = C57AD0A11AD7EDB800B6042A /* wave.app */;
			productType = "com.apple.product-type.application";
		};
		C57AD0B91AD7EDB800B6042A /* waveTests */ = {
			isa = PBXNativeTarget;
			buildConfigurationList = C57AD0C71AD7EDB800B6042A /* Build configuration list for PBXNativeTarget "waveTests" */;
			buildPhases = (
				C57AD0B61AD7EDB800B6042A /* Sources */,
				C57AD0B71AD7EDB800B6042A /* Frameworks */,
				C57AD0B81AD7EDB800B6042A /* Resources */,
			);
			buildRules = (
			);
			dependencies = (
				C57AD0BC1AD7EDB800B6042A /* PBXTargetDependency */,
			);
			name = waveTests;
			productName = waveTests;
			productReference = C57AD0BA1AD7EDB800B6042A /* waveTests.xctest */;
			productType = "com.apple.product-type.bundle.unit-test";
		};
/* End PBXNativeTarget section */

/* Begin PBXProject section */
		C57AD0991AD7EDB800B6042A /* Project object */ = {
			isa = PBXProject;
			attributes = {
				LastUpgradeCheck = 0620;
				ORGANIZATIONNAME = ddev;
				TargetAttributes = {
					C57AD0A01AD7EDB800B6042A = {
						CreatedOnToolsVersion = 6.2;
					};
					C57AD0B91AD7EDB800B6042A = {
						CreatedOnToolsVersion = 6.2;
						TestTargetID = C57AD0A01AD7EDB800B6042A;
					};
				};
			};
			buildConfigurationList = C57AD09C1AD7EDB800B6042A /* Build configuration list for PBXProject "wave" */;
			compatibilityVersion = "Xcode 3.2";
			developmentRegion = English;
			hasScannedForEncodings = 0;
			knownRegions = (
				en,
				Base,
				nb,
			);
			mainGroup = C57AD0981AD7EDB800B6042A;
			productRefGroup = C57AD0A21AD7EDB800B6042A /* Products */;
			projectDirPath = "";
			projectRoot = "";
			targets = (
				C57AD0A01AD7EDB800B6042A /* wave */,
				C57AD0B91AD7EDB800B6042A /* waveTests */,
			);
		};
/* End PBXProject section */

/* Begin PBXResourcesBuildPhase section */
		C57AD09F1AD7EDB800B6042A /* Resources */ = {
			isa = PBXResourcesBuildPhase;
			buildActionMask = 2147483647;
			files = (
				C5576B451ADBD79A009C1D5E /* Localizable.strings in Resources */,
				C5576B421ADBC1FC009C1D5E /* camera-icon.png in Resources */,
				C5576B501ADBE0DB009C1D5E /* wz-monkey-bg.jpg in Resources */,
				C57AD0B01AD7EDB800B6042A /* Main.storyboard in Resources */,
				C57AD0B51AD7EDB800B6042A /* LaunchScreen.xib in Resources */,
				C57AD0B21AD7EDB800B6042A /* Images.xcassets in Resources */,
				C5A27B511ADC014E00968033 /* cross-white.png in Resources */,
			);
			runOnlyForDeploymentPostprocessing = 0;
		};
		C57AD0B81AD7EDB800B6042A /* Resources */ = {
			isa = PBXResourcesBuildPhase;
			buildActionMask = 2147483647;
			files = (
			);
			runOnlyForDeploymentPostprocessing = 0;
		};
/* End PBXResourcesBuildPhase section */

/* Begin PBXSourcesBuildPhase section */
		C57AD09D1AD7EDB800B6042A /* Sources */ = {
			isa = PBXSourcesBuildPhase;
			buildActionMask = 2147483647;
			files = (
				C5576B391ADBC195009C1D5E /* UIHelper.m in Sources */,
				C5576B5A1ADBE77E009C1D5E /* Navigationbar.m in Sources */,
				C5A27B5F1ADD019900968033 /* SSKeychain.m in Sources */,
				C5576B3C1ADBC195009C1D5E /* DefaultViewController.m in Sources */,
				C5A27B721ADD0BF500968033 /* RegisterController.m in Sources */,
				C5576B3A1ADBC195009C1D5E /* AvailabilityViewController.m in Sources */,
				C5576B4B1ADBDA22009C1D5E /* StartViewController.m in Sources */,
				C5A27B6C1ADD01F200968033 /* ApplicationHelper.m in Sources */,
				C5A27B661ADD01C100968033 /* ParserHelper.m in Sources */,
				C5A27B751ADD0F4500968033 /* ResponseModel.m in Sources */,
				C57AD0AA1AD7EDB800B6042A /* AppDelegate.m in Sources */,
				C5576B371ADBC195009C1D5E /* CameraHelper.m in Sources */,
				C5576B381ADBC195009C1D5E /* ColorHelper.m in Sources */,
				C5A27B6F1ADD083300968033 /* ConfigHelper.m in Sources */,
				C5576B541ADBE2C1009C1D5E /* RegisterViewController.m in Sources */,
				C5576B3E1ADBC195009C1D5E /* SuperViewController.m in Sources */,
				C5576B3D1ADBC195009C1D5E /* OverlayViewController.m in Sources */,
				C5A27B601ADD019900968033 /* SSKeychainQuery.m in Sources */,
				C57AD0A71AD7EDB800B6042A /* main.m in Sources */,
				C5A27B691ADD01D000968033 /* NotificationHelper.m in Sources */,
				C5576B3B1ADBC195009C1D5E /* CameraViewController.m in Sources */,
				C5576B3F1ADBC195009C1D5E /* TestViewCoViewController.m in Sources */,
				C5A27B5A1ADD002A00968033 /* ApplicationController.m in Sources */,
				C5576B4E1ADBDB14009C1D5E /* NavigationController.m in Sources */,
				C5576B571ADBE31A009C1D5E /* SuperLoginViewController.m in Sources */,
				C5A27B541ADC060000968033 /* TextFieldWrapper.m in Sources */,
				C5A27B781ADD128100968033 /* UserModel.m in Sources */,
				C5576B401ADBC195009C1D5E /* ViewController.m in Sources */,
				C55FE90A1AD81F45007663FB /* SuperButton.m in Sources */,
				C5A27B631ADD01AE00968033 /* AuthHelper.m in Sources */,
			);
			runOnlyForDeploymentPostprocessing = 0;
		};
		C57AD0B61AD7EDB800B6042A /* Sources */ = {
			isa = PBXSourcesBuildPhase;
			buildActionMask = 2147483647;
			files = (
				C57AD0C11AD7EDB800B6042A /* waveTests.m in Sources */,
			);
			runOnlyForDeploymentPostprocessing = 0;
		};
/* End PBXSourcesBuildPhase section */

/* Begin PBXTargetDependency section */
		C57AD0BC1AD7EDB800B6042A /* PBXTargetDependency */ = {
			isa = PBXTargetDependency;
			target = C57AD0A01AD7EDB800B6042A /* wave */;
			targetProxy = C57AD0BB1AD7EDB800B6042A /* PBXContainerItemProxy */;
		};
/* End PBXTargetDependency section */

/* Begin PBXVariantGroup section */
		C5576B471ADBD79A009C1D5E /* Localizable.strings */ = {
			isa = PBXVariantGroup;
			children = (
				C5576B461ADBD79A009C1D5E /* Base */,
				C5576B481ADBD7D3009C1D5E /* nb */,
			);
			name = Localizable.strings;
			sourceTree = "<group>";
		};
		C57AD0AE1AD7EDB800B6042A /* Main.storyboard */ = {
			isa = PBXVariantGroup;
			children = (
				C57AD0AF1AD7EDB800B6042A /* Base */,
			);
			name = Main.storyboard;
			sourceTree = "<group>";
		};
		C57AD0B31AD7EDB800B6042A /* LaunchScreen.xib */ = {
			isa = PBXVariantGroup;
			children = (
				C57AD0B41AD7EDB800B6042A /* Base */,
			);
			name = LaunchScreen.xib;
			sourceTree = "<group>";
		};
/* End PBXVariantGroup section */

/* Begin XCBuildConfiguration section */
		C57AD0C21AD7EDB800B6042A /* Debug */ = {
			isa = XCBuildConfiguration;
			buildSettings = {
				ALWAYS_SEARCH_USER_PATHS = NO;
				CLANG_CXX_LANGUAGE_STANDARD = "gnu++0x";
				CLANG_CXX_LIBRARY = "libc++";
				CLANG_ENABLE_MODULES = YES;
				CLANG_ENABLE_OBJC_ARC = YES;
				CLANG_WARN_BOOL_CONVERSION = YES;
				CLANG_WARN_CONSTANT_CONVERSION = YES;
				CLANG_WARN_DIRECT_OBJC_ISA_USAGE = YES_ERROR;
				CLANG_WARN_EMPTY_BODY = YES;
				CLANG_WARN_ENUM_CONVERSION = YES;
				CLANG_WARN_INT_CONVERSION = YES;
				CLANG_WARN_OBJC_ROOT_CLASS = YES_ERROR;
				CLANG_WARN_UNREACHABLE_CODE = YES;
				CLANG_WARN__DUPLICATE_METHOD_MATCH = YES;
				"CODE_SIGN_IDENTITY[sdk=iphoneos*]" = "iPhone Developer";
				COPY_PHASE_STRIP = NO;
				ENABLE_STRICT_OBJC_MSGSEND = YES;
				GCC_C_LANGUAGE_STANDARD = gnu99;
				GCC_DYNAMIC_NO_PIC = NO;
				GCC_OPTIMIZATION_LEVEL = 0;
				GCC_PREPROCESSOR_DEFINITIONS = (
					"DEBUG=1",
					"$(inherited)",
				);
				GCC_SYMBOLS_PRIVATE_EXTERN = NO;
				GCC_WARN_64_TO_32_BIT_CONVERSION = YES;
				GCC_WARN_ABOUT_RETURN_TYPE = YES_ERROR;
				GCC_WARN_UNDECLARED_SELECTOR = YES;
				GCC_WARN_UNINITIALIZED_AUTOS = YES_AGGRESSIVE;
				GCC_WARN_UNUSED_FUNCTION = YES;
				GCC_WARN_UNUSED_VARIABLE = YES;
				IPHONEOS_DEPLOYMENT_TARGET = 8.2;
				MTL_ENABLE_DEBUG_INFO = YES;
				ONLY_ACTIVE_ARCH = YES;
				SDKROOT = iphoneos;
			};
			name = Debug;
		};
		C57AD0C31AD7EDB800B6042A /* Release */ = {
			isa = XCBuildConfiguration;
			buildSettings = {
				ALWAYS_SEARCH_USER_PATHS = NO;
				CLANG_CXX_LANGUAGE_STANDARD = "gnu++0x";
				CLANG_CXX_LIBRARY = "libc++";
				CLANG_ENABLE_MODULES = YES;
				CLANG_ENABLE_OBJC_ARC = YES;
				CLANG_WARN_BOOL_CONVERSION = YES;
				CLANG_WARN_CONSTANT_CONVERSION = YES;
				CLANG_WARN_DIRECT_OBJC_ISA_USAGE = YES_ERROR;
				CLANG_WARN_EMPTY_BODY = YES;
				CLANG_WARN_ENUM_CONVERSION = YES;
				CLANG_WARN_INT_CONVERSION = YES;
				CLANG_WARN_OBJC_ROOT_CLASS = YES_ERROR;
				CLANG_WARN_UNREACHABLE_CODE = YES;
				CLANG_WARN__DUPLICATE_METHOD_MATCH = YES;
				"CODE_SIGN_IDENTITY[sdk=iphoneos*]" = "iPhone Developer";
				COPY_PHASE_STRIP = NO;
				ENABLE_NS_ASSERTIONS = NO;
				ENABLE_STRICT_OBJC_MSGSEND = YES;
				GCC_C_LANGUAGE_STANDARD = gnu99;
				GCC_WARN_64_TO_32_BIT_CONVERSION = YES;
				GCC_WARN_ABOUT_RETURN_TYPE = YES_ERROR;
				GCC_WARN_UNDECLARED_SELECTOR = YES;
				GCC_WARN_UNINITIALIZED_AUTOS = YES_AGGRESSIVE;
				GCC_WARN_UNUSED_FUNCTION = YES;
				GCC_WARN_UNUSED_VARIABLE = YES;
				IPHONEOS_DEPLOYMENT_TARGET = 8.2;
				MTL_ENABLE_DEBUG_INFO = NO;
				SDKROOT = iphoneos;
				VALIDATE_PRODUCT = YES;
			};
			name = Release;
		};
		C57AD0C51AD7EDB800B6042A /* Debug */ = {
			isa = XCBuildConfiguration;
			buildSettings = {
				ASSETCATALOG_COMPILER_APPICON_NAME = AppIcon;
				INFOPLIST_FILE = wave/Info.plist;
				IPHONEOS_DEPLOYMENT_TARGET = 8.0;
				LD_RUNPATH_SEARCH_PATHS = "$(inherited) @executable_path/Frameworks";
				PRODUCT_NAME = "$(TARGET_NAME)";
			};
			name = Debug;
		};
		C57AD0C61AD7EDB800B6042A /* Release */ = {
			isa = XCBuildConfiguration;
			buildSettings = {
				ASSETCATALOG_COMPILER_APPICON_NAME = AppIcon;
				INFOPLIST_FILE = wave/Info.plist;
				IPHONEOS_DEPLOYMENT_TARGET = 8.0;
				LD_RUNPATH_SEARCH_PATHS = "$(inherited) @executable_path/Frameworks";
				PRODUCT_NAME = "$(TARGET_NAME)";
			};
			name = Release;
		};
		C57AD0C81AD7EDB800B6042A /* Debug */ = {
			isa = XCBuildConfiguration;
			buildSettings = {
				BUNDLE_LOADER = "$(TEST_HOST)";
				FRAMEWORK_SEARCH_PATHS = (
					"$(SDKROOT)/Developer/Library/Frameworks",
					"$(inherited)",
				);
				GCC_PREPROCESSOR_DEFINITIONS = (
					"DEBUG=1",
					"$(inherited)",
				);
				INFOPLIST_FILE = waveTests/Info.plist;
				LD_RUNPATH_SEARCH_PATHS = "$(inherited) @executable_path/Frameworks @loader_path/Frameworks";
				PRODUCT_NAME = "$(TARGET_NAME)";
				TEST_HOST = "$(BUILT_PRODUCTS_DIR)/wave.app/wave";
			};
			name = Debug;
		};
		C57AD0C91AD7EDB800B6042A /* Release */ = {
			isa = XCBuildConfiguration;
			buildSettings = {
				BUNDLE_LOADER = "$(TEST_HOST)";
				FRAMEWORK_SEARCH_PATHS = (
					"$(SDKROOT)/Developer/Library/Frameworks",
					"$(inherited)",
				);
				INFOPLIST_FILE = waveTests/Info.plist;
				LD_RUNPATH_SEARCH_PATHS = "$(inherited) @executable_path/Frameworks @loader_path/Frameworks";
				PRODUCT_NAME = "$(TARGET_NAME)";
				TEST_HOST = "$(BUILT_PRODUCTS_DIR)/wave.app/wave";
			};
			name = Release;
		};
/* End XCBuildConfiguration section */

/* Begin XCConfigurationList section */
		C57AD09C1AD7EDB800B6042A /* Build configuration list for PBXProject "wave" */ = {
			isa = XCConfigurationList;
			buildConfigurations = (
				C57AD0C21AD7EDB800B6042A /* Debug */,
				C57AD0C31AD7EDB800B6042A /* Release */,
			);
			defaultConfigurationIsVisible = 0;
			defaultConfigurationName = Release;
		};
		C57AD0C41AD7EDB800B6042A /* Build configuration list for PBXNativeTarget "wave" */ = {
			isa = XCConfigurationList;
			buildConfigurations = (
				C57AD0C51AD7EDB800B6042A /* Debug */,
				C57AD0C61AD7EDB800B6042A /* Release */,
			);
			defaultConfigurationIsVisible = 0;
			defaultConfigurationName = Release;
		};
		C57AD0C71AD7EDB800B6042A /* Build configuration list for PBXNativeTarget "waveTests" */ = {
			isa = XCConfigurationList;
			buildConfigurations = (
				C57AD0C81AD7EDB800B6042A /* Debug */,
				C57AD0C91AD7EDB800B6042A /* Release */,
			);
			defaultConfigurationIsVisible = 0;
			defaultConfigurationName = Release;
		};
/* End XCConfigurationList section */
	};
	rootObject = C57AD0991AD7EDB800B6042A /* Project object */;
}
